// !$*UTF8*$!
{
	archiveVersion = 1;
	classes = {
	};
	objectVersion = 46;
	objects = {

/* Begin PBXBuildFile section */
		F1DBD89A1A2B0B04007BC049 /* main.m in Sources */ = {isa = PBXBuildFile; fileRef = F1DBD8991A2B0B04007BC049 /* main.m */; };
		F1DBD89D1A2B0B04007BC049 /* AppDelegate.m in Sources */ = {isa = PBXBuildFile; fileRef = F1DBD89C1A2B0B04007BC049 /* AppDelegate.m */; };
		F1DBD8A01A2B0B04007BC049 /* ViewController.m in Sources */ = {isa = PBXBuildFile; fileRef = F1DBD89F1A2B0B04007BC049 /* ViewController.m */; };
		F1DBD8A31A2B0B04007BC049 /* Main.storyboard in Resources */ = {isa = PBXBuildFile; fileRef = F1DBD8A11A2B0B04007BC049 /* Main.storyboard */; };
		F1DBD8A51A2B0B04007BC049 /* Images.xcassets in Resources */ = {isa = PBXBuildFile; fileRef = F1DBD8A41A2B0B04007BC049 /* Images.xcassets */; };
		F1DBD8A81A2B0B04007BC049 /* LaunchScreen.xib in Resources */ = {isa = PBXBuildFile; fileRef = F1DBD8A61A2B0B04007BC049 /* LaunchScreen.xib */; };
		F1DBD8B41A2B0B04007BC049 /* UIView_center_moveTests.m in Sources */ = {isa = PBXBuildFile; fileRef = F1DBD8B31A2B0B04007BC049 /* UIView_center_moveTests.m */; };
		F1DBD8BE1A2B0B74007BC049 /* car_R.png in Resources */ = {isa = PBXBuildFile; fileRef = F1DBD8BD1A2B0B74007BC049 /* car_R.png */; };
/* End PBXBuildFile section */

/* Begin PBXContainerItemProxy section */
		F1DBD8AE1A2B0B04007BC049 /* PBXContainerItemProxy */ = {
			isa = PBXContainerItemProxy;
			containerPortal = F1DBD88C1A2B0B04007BC049 /* Project object */;
			proxyType = 1;
			remoteGlobalIDString = F1DBD8931A2B0B04007BC049;
			remoteInfo = UIView_center_move;
		};
/* End PBXContainerItemProxy section */

/* Begin PBXFileReference section */
		F1DBD8941A2B0B04007BC049 /* UIView_center_move.app */ = {isa = PBXFileReference; explicitFileType = wrapper.application; includeInIndex = 0; path = UIView_center_move.app; sourceTree = BUILT_PRODUCTS_DIR; };
		F1DBD8981A2B0B04007BC049 /* Info.plist */ = {isa = PBXFileReference; lastKnownFileType = text.plist.xml; path = Info.plist; sourceTree = "<group>"; };
		F1DBD8991A2B0B04007BC049 /* main.m */ = {isa = PBXFileReference; lastKnownFileType = sourcecode.c.objc; path = main.m; sourceTree = "<group>"; };
		F1DBD89B1A2B0B04007BC049 /* AppDelegate.h */ = {isa = PBXFileReference; lastKnownFileType = sourcecode.c.h; path = AppDelegate.h; sourceTree = "<group>"; };
		F1DBD89C1A2B0B04007BC049 /* AppDelegate.m */ = {isa = PBXFileReference; lastKnownFileType = sourcecode.c.objc; path = AppDelegate.m; sourceTree = "<group>"; };
		F1DBD89E1A2B0B04007BC049 /* ViewController.h */ = {isa = PBXFileReference; lastKnownFileType = sourcecode.c.h; path = ViewController.h; sourceTree = "<group>"; };
		F1DBD89F1A2B0B04007BC049 /* ViewController.m */ = {isa = PBXFileReference; lastKnownFileType = sourcecode.c.objc; path = ViewController.m; sourceTree = "<group>"; };
		F1DBD8A21A2B0B04007BC049 /* Base */ = {isa = PBXFileReference; lastKnownFileType = file.storyboard; name = Base; path = Base.lproj/Main.storyboard; sourceTree = "<group>"; };
		F1DBD8A41A2B0B04007BC049 /* Images.xcassets */ = {isa = PBXFileReference; lastKnownFileType = folder.assetcatalog; path = Images.xcassets; sourceTree = "<group>"; };
		F1DBD8A71A2B0B04007BC049 /* Base */ = {isa = PBXFileReference; lastKnownFileType = file.xib; name = Base; path = Base.lproj/LaunchScreen.xib; sourceTree = "<group>"; };
		F1DBD8AD1A2B0B04007BC049 /* UIView_center_moveTests.xctest */ = {isa = PBXFileReference; explicitFileType = wrapper.cfbundle; includeInIndex = 0; path = UIView_center_moveTests.xctest; sourceTree = BUILT_PRODUCTS_DIR; };
		F1DBD8B21A2B0B04007BC049 /* Info.plist */ = {isa = PBXFileReference; lastKnownFileType = text.plist.xml; path = Info.plist; sourceTree = "<group>"; };
		F1DBD8B31A2B0B04007BC049 /* UIView_center_moveTests.m */ = {isa = PBXFileReference; lastKnownFileType = sourcecode.c.objc; path = UIView_center_moveTests.m; sourceTree = "<group>"; };
		F1DBD8BD1A2B0B74007BC049 /* car_R.png */ = {isa = PBXFileReference; lastKnownFileType = image.png; path = car_R.png; sourceTree = "<group>"; };
/* End PBXFileReference section */

/* Begin PBXFrameworksBuildPhase section */
		F1DBD8911A2B0B04007BC049 /* Frameworks */ = {
			isa = PBXFrameworksBuildPhase;
			buildActionMask = 2147483647;
			files = (
			);
			runOnlyForDeploymentPostprocessing = 0;
		};
		F1DBD8AA1A2B0B04007BC049 /* Frameworks */ = {
			isa = PBXFrameworksBuildPhase;
			buildActionMask = 2147483647;
			files = (
			);
			runOnlyForDeploymentPostprocessing = 0;
		};
/* End PBXFrameworksBuildPhase section */

/* Begin PBXGroup section */
		F1DBD88B1A2B0B04007BC049 = {
			isa = PBXGroup;
			children = (
				F1DBD8961A2B0B04007BC049 /* UIView_center_move */,
				F1DBD8B01A2B0B04007BC049 /* UIView_center_moveTests */,
				F1DBD8951A2B0B04007BC049 /* Products */,
			);
			sourceTree = "<group>";
		};
		F1DBD8951A2B0B04007BC049 /* Products */ = {
			isa = PBXGroup;
			children = (
				F1DBD8941A2B0B04007BC049 /* UIView_center_move.app */,
				F1DBD8AD1A2B0B04007BC049 /* UIView_center_moveTests.xctest */,
			);
			name = Products;
			sourceTree = "<group>";
		};
		F1DBD8961A2B0B04007BC049 /* UIView_center_move */ = {
			isa = PBXGroup;
			children = (
				F1DBD89B1A2B0B04007BC049 /* AppDelegate.h */,
				F1DBD89C1A2B0B04007BC049 /* AppDelegate.m */,
				F1DBD89E1A2B0B04007BC049 /* ViewController.h */,
				F1DBD89F1A2B0B04007BC049 /* ViewController.m */,
				F1DBD8BD1A2B0B74007BC049 /* car_R.png */,
				F1DBD8A11A2B0B04007BC049 /* Main.storyboard */,
				F1DBD8A41A2B0B04007BC049 /* Images.xcassets */,
				F1DBD8A61A2B0B04007BC049 /* LaunchScreen.xib */,
				F1DBD8971A2B0B04007BC049 /* Supporting Files */,
			);
			path = UIView_center_move;
			sourceTree = "<group>";
		};
		F1DBD8971A2B0B04007BC049 /* Supporting Files */ = {
			isa = PBXGroup;
			children = (
				F1DBD8981A2B0B04007BC049 /* Info.plist */,
				F1DBD8991A2B0B04007BC049 /* main.m */,
			);
			name = "Supporting Files";
			sourceTree = "<group>";
		};
		F1DBD8B01A2B0B04007BC049 /* UIView_center_moveTests */ = {
			isa = PBXGroup;
			children = (
				F1DBD8B31A2B0B04007BC049 /* UIView_center_moveTests.m */,
				F1DBD8B11A2B0B04007BC049 /* Supporting Files */,
			);
			path = UIView_center_moveTests;
			sourceTree = "<group>";
		};
		F1DBD8B11A2B0B04007BC049 /* Supporting Files */ = {
			isa = PBXGroup;
			children = (
				F1DBD8B21A2B0B04007BC049 /* Info.plist */,
			);
			name = "Supporting Files";
			sourceTree = "<group>";
		};
/* End PBXGroup section */

/* Begin PBXNativeTarget section */
		F1DBD8931A2B0B04007BC049 /* UIView_center_move */ = {
			isa = PBXNativeTarget;
			buildConfigurationList = F1DBD8B71A2B0B04007BC049 /* Build configuration list for PBXNativeTarget "UIView_center_move" */;
			buildPhases = (
				F1DBD8901A2B0B04007BC049 /* Sources */,
				F1DBD8911A2B0B04007BC049 /* Frameworks */,
				F1DBD8921A2B0B04007BC049 /* Resources */,
			);
			buildRules = (
			);
			dependencies = (
			);
			name = UIView_center_move;
			productName = UIView_center_move;
			productReference = F1DBD8941A2B0B04007BC049 /* UIView_center_move.app */;
			productType = "com.apple.product-type.application";
		};
		F1DBD8AC1A2B0B04007BC049 /* UIView_center_moveTests */ = {
			isa = PBXNativeTarget;
			buildConfigurationList = F1DBD8BA1A2B0B04007BC049 /* Build configuration list for PBXNativeTarget "UIView_center_moveTests" */;
			buildPhases = (
				F1DBD8A91A2B0B04007BC049 /* Sources */,
				F1DBD8AA1A2B0B04007BC049 /* Frameworks */,
				F1DBD8AB1A2B0B04007BC049 /* Resources */,
			);
			buildRules = (
			);
			dependencies = (
				F1DBD8AF1A2B0B04007BC049 /* PBXTargetDependency */,
			);
			name = UIView_center_moveTests;
			productName = UIView_center_moveTests;
			productReference = F1DBD8AD1A2B0B04007BC049 /* UIView_center_moveTests.xctest */;
			productType = "com.apple.product-type.bundle.unit-test";
		};
/* End PBXNativeTarget section */

/* Begin PBXProject section */
		F1DBD88C1A2B0B04007BC049 /* Project object */ = {
			isa = PBXProject;
			attributes = {
				LastUpgradeCheck = 0610;
				ORGANIZATIONNAME = "okada-mac";
				TargetAttributes = {
					F1DBD8931A2B0B04007BC049 = {
						CreatedOnToolsVersion = 6.1;
					};
					F1DBD8AC1A2B0B04007BC049 = {
						CreatedOnToolsVersion = 6.1;
						TestTargetID = F1DBD8931A2B0B04007BC049;
					};
				};
			};
			buildConfigurationList = F1DBD88F1A2B0B04007BC049 /* Build configuration list for PBXProject "UIView_center_move" */;
			compatibilityVersion = "Xcode 3.2";
			developmentRegion = English;
			hasScannedForEncodings = 0;
			knownRegions = (
				en,
				Base,
			);
			mainGroup = F1DBD88B1A2B0B04007BC049;
			productRefGroup = F1DBD8951A2B0B04007BC049 /* Products */;
			projectDirPath = "";
			projectRoot = "";
			targets = (
				F1DBD8931A2B0B04007BC049 /* UIView_center_move */,
				F1DBD8AC1A2B0B04007BC049 /* UIView_center_moveTests */,
			);
		};
/* End PBXProject section */

/* Begin PBXResourcesBuildPhase section */
		F1DBD8921A2B0B04007BC049 /* Resources */ = {
			isa = PBXResourcesBuildPhase;
			buildActionMask = 2147483647;
			files = (
				F1DBD8A31A2B0B04007BC049 /* Main.storyboard in Resources */,
				F1DBD8A81A2B0B04007BC049 /* LaunchScreen.xib in Resources */,
				F1DBD8A51A2B0B04007BC049 /* Images.xcassets in Resources */,
				F1DBD8BE1A2B0B74007BC049 /* car_R.png in Resources */,
			);
			runOnlyForDeploymentPostprocessing = 0;
		};
		F1DBD8AB1A2B0B04007BC049 /* Resources */ = {
			isa = PBXResourcesBuildPhase;
			buildActionMask = 2147483647;
			files = (
			);
			runOnlyForDeploymentPostprocessing = 0;
		};
/* End PBXResourcesBuildPhase section */

/* Begin PBXSourcesBuildPhase section */
		F1DBD8901A2B0B04007BC049 /* Sources */ = {
			isa = PBXSourcesBuildPhase;
			buildActionMask = 2147483647;
			files = (
				F1DBD8A01A2B0B04007BC049 /* ViewController.m in Sources */,
				F1DBD89D1A2B0B04007BC049 /* AppDelegate.m in Sources */,
				F1DBD89A1A2B0B04007BC049 /* main.m in Sources */,
			);
			runOnlyForDeploymentPostprocessing = 0;
		};
		F1DBD8A91A2B0B04007BC049 /* Sources */ = {
			isa = PBXSourcesBuildPhase;
			buildActionMask = 2147483647;
			files = (
				F1DBD8B41A2B0B04007BC049 /* UIView_center_moveTests.m in Sources */,
			);
			runOnlyForDeploymentPostprocessing = 0;
		};
/* End PBXSourcesBuildPhase section */

/* Begin PBXTargetDependency section */
		F1DBD8AF1A2B0B04007BC049 /* PBXTargetDependency */ = {
			isa = PBXTargetDependency;
			target = F1DBD8931A2B0B04007BC049 /* UIView_center_move */;
			targetProxy = F1DBD8AE1A2B0B04007BC049 /* PBXContainerItemProxy */;
		};
/* End PBXTargetDependency section */

/* Begin PBXVariantGroup section */
		F1DBD8A11A2B0B04007BC049 /* Main.storyboard */ = {
			isa = PBXVariantGroup;
			children = (
				F1DBD8A21A2B0B04007BC049 /* Base */,
			);
			name = Main.storyboard;
			sourceTree = "<group>";
		};
		F1DBD8A61A2B0B04007BC049 /* LaunchScreen.xib */ = {
			isa = PBXVariantGroup;
			children = (
				F1DBD8A71A2B0B04007BC049 /* Base */,
			);
			name = LaunchScreen.xib;
			sourceTree = "<group>";
		};
/* End PBXVariantGroup section */

/* Begin XCBuildConfiguration section */
		F1DBD8B51A2B0B04007BC049 /* Debug */ = {
			isa = XCBuildConfiguration;
			buildSettings = {
				ALWAYS_SEARCH_USER_PATHS = NO;
				CLANG_CXX_LANGUAGE_STANDARD = "gnu++0x";
				CLANG_CXX_LIBRARY = "libc++";
				CLANG_ENABLE_MODULES = YES;
				CLANG_ENABLE_OBJC_ARC = YES;
				CLANG_WARN_BOOL_CONVERSION = YES;
				CLANG_WARN_CONSTANT_CONVERSION = YES;
				CLANG_WARN_DIRECT_OBJC_ISA_USAGE = YES_ERROR;
				CLANG_WARN_EMPTY_BODY = YES;
				CLANG_WARN_ENUM_CONVERSION = YES;
				CLANG_WARN_INT_CONVERSION = YES;
				CLANG_WARN_OBJC_ROOT_CLASS = YES_ERROR;
				CLANG_WARN_UNREACHABLE_CODE = YES;
				CLANG_WARN__DUPLICATE_METHOD_MATCH = YES;
				"CODE_SIGN_IDENTITY[sdk=iphoneos*]" = "iPhone Developer";
				COPY_PHASE_STRIP = NO;
				ENABLE_STRICT_OBJC_MSGSEND = YES;
				GCC_C_LANGUAGE_STANDARD = gnu99;
				GCC_DYNAMIC_NO_PIC = NO;
				GCC_OPTIMIZATION_LEVEL = 0;
				GCC_PREPROCESSOR_DEFINITIONS = (
					"DEBUG=1",
					"$(inherited)",
				);
				GCC_SYMBOLS_PRIVATE_EXTERN = NO;
				GCC_WARN_64_TO_32_BIT_CONVERSION = YES;
				GCC_WARN_ABOUT_RETURN_TYPE = YES_ERROR;
				GCC_WARN_UNDECLARED_SELECTOR = YES;
				GCC_WARN_UNINITIALIZED_AUTOS = YES_AGGRESSIVE;
				GCC_WARN_UNUSED_FUNCTION = YES;
				GCC_WARN_UNUSED_VARIABLE = YES;
				IPHONEOS_DEPLOYMENT_TARGET = 8.1;
				MTL_ENABLE_DEBUG_INFO = YES;
				ONLY_ACTIVE_ARCH = YES;
				SDKROOT = iphoneos;
			};
			name = Debug;
		};
		F1DBD8B61A2B0B04007BC049 /* Release */ = {
			isa = XCBuildConfiguration;
			buildSettings = {
				ALWAYS_SEARCH_USER_PATHS = NO;
				CLANG_CXX_LANGUAGE_STANDARD = "gnu++0x";
				CLANG_CXX_LIBRARY = "libc++";
				CLANG_ENABLE_MODULES = YES;
				CLANG_ENABLE_OBJC_ARC = YES;
				CLANG_WARN_BOOL_CONVERSION = YES;
				CLANG_WARN_CONSTANT_CONVERSION = YES;
				CLANG_WARN_DIRECT_OBJC_ISA_USAGE = YES_ERROR;
				CLANG_WARN_EMPTY_BODY = YES;
				CLANG_WARN_ENUM_CONVERSION = YES;
				CLANG_WARN_INT_CONVERSION = YES;
				CLANG_WARN_OBJC_ROOT_CLASS = YES_ERROR;
				CLANG_WARN_UNREACHABLE_CODE = YES;
				CLANG_WARN__DUPLICATE_METHOD_MATCH = YES;
				"CODE_SIGN_IDENTITY[sdk=iphoneos*]" = "iPhone Developer";
				COPY_PHASE_STRIP = YES;
				ENABLE_NS_ASSERTIONS = NO;
				ENABLE_STRICT_OBJC_MSGSEND = YES;
				GCC_C_LANGUAGE_STANDARD = gnu99;
				GCC_WARN_64_TO_32_BIT_CONVERSION = YES;
				GCC_WARN_ABOUT_RETURN_TYPE = YES_ERROR;
				GCC_WARN_UNDECLARED_SELECTOR = YES;
				GCC_WARN_UNINITIALIZED_AUTOS = YES_AGGRESSIVE;
				GCC_WARN_UNUSED_FUNCTION = YES;
				GCC_WARN_UNUSED_VARIABLE = YES;
				IPHONEOS_DEPLOYMENT_TARGET = 8.1;
				MTL_ENABLE_DEBUG_INFO = NO;
				SDKROOT = iphoneos;
				VALIDATE_PRODUCT = YES;
			};
			name = Release;
		};
		F1DBD8B81A2B0B04007BC049 /* Debug */ = {
			isa = XCBuildConfiguration;
			buildSettings = {
				ASSETCATALOG_COMPILER_APPICON_NAME = AppIcon;
				INFOPLIST_FILE = UIView_center_move/Info.plist;
				LD_RUNPATH_SEARCH_PATHS = "$(inherited) @executable_path/Frameworks";
				PRODUCT_NAME = "$(TARGET_NAME)";
			};
			name = Debug;
		};
		F1DBD8B91A2B0B04007BC049 /* Release */ = {
			isa = XCBuildConfiguration;
			buildSettings = {
				ASSETCATALOG_COMPILER_APPICON_NAME = AppIcon;
				INFOPLIST_FILE = UIView_center_move/Info.plist;
				LD_RUNPATH_SEARCH_PATHS = "$(inherited) @executable_path/Frameworks";
				PRODUCT_NAME = "$(TARGET_NAME)";
			};
			name = Release;
		};
		F1DBD8BB1A2B0B04007BC049 /* Debug */ = {
			isa = XCBuildConfiguration;
			buildSettings = {
				BUNDLE_LOADER = "$(TEST_HOST)";
				FRAMEWORK_SEARCH_PATHS = (
					"$(SDKROOT)/Developer/Library/Frameworks",
					"$(inherited)",
				);
				GCC_PREPROCESSOR_DEFINITIONS = (
					"DEBUG=1",
					"$(inherited)",
				);
				INFOPLIST_FILE = UIView_center_moveTests/Info.plist;
				LD_RUNPATH_SEARCH_PATHS = "$(inherited) @executable_path/Frameworks @loader_path/Frameworks";
				PRODUCT_NAME = "$(TARGET_NAME)";
				TEST_HOST = "$(BUILT_PRODUCTS_DIR)/UIView_center_move.app/UIView_center_move";
			};
			name = Debug;
		};
		F1DBD8BC1A2B0B04007BC049 /* Release */ = {
			isa = XCBuildConfiguration;
			buildSettings = {
				BUNDLE_LOADER = "$(TEST_HOST)";
				FRAMEWORK_SEARCH_PATHS = (
					"$(SDKROOT)/Developer/Library/Frameworks",
					"$(inherited)",
				);
				INFOPLIST_FILE = UIView_center_moveTests/Info.plist;
				LD_RUNPATH_SEARCH_PATHS = "$(inherited) @executable_path/Frameworks @loader_path/Frameworks";
				PRODUCT_NAME = "$(TARGET_NAME)";
				TEST_HOST = "$(BUILT_PRODUCTS_DIR)/UIView_center_move.app/UIView_center_move";
			};
			name = Release;
		};
/* End XCBuildConfiguration section */

/* Begin XCConfigurationList section */
		F1DBD88F1A2B0B04007BC049 /* Build configuration list for PBXProject "UIView_center_move" */ = {
			isa = XCConfigurationList;
			buildConfigurations = (
				F1DBD8B51A2B0B04007BC049 /* Debug */,
				F1DBD8B61A2B0B04007BC049 /* Release */,
			);
			defaultConfigurationIsVisible = 0;
			defaultConfigurationName = Release;
		};
		F1DBD8B71A2B0B04007BC049 /* Build configuration list for PBXNativeTarget "UIView_center_move" */ = {
			isa = XCConfigurationList;
			buildConfigurations = (
				F1DBD8B81A2B0B04007BC049 /* Debug */,
				F1DBD8B91A2B0B04007BC049 /* Release */,
			);
			defaultConfigurationIsVisible = 0;
		};
		F1DBD8BA1A2B0B04007BC049 /* Build configuration list for PBXNativeTarget "UIView_center_moveTests" */ = {
			isa = XCConfigurationList;
			buildConfigurations = (
				F1DBD8BB1A2B0B04007BC049 /* Debug */,
				F1DBD8BC1A2B0B04007BC049 /* Release */,
			);
			defaultConfigurationIsVisible = 0;
		};
/* End XCConfigurationList section */
	};
	rootObject = F1DBD88C1A2B0B04007BC049 /* Project object */;
}
