// !$*UTF8*$!
{
	archiveVersion = 1;
	classes = {
	};
	objectVersion = 46;
	objects = {

/* Begin PBXBuildFile section */
		F19FD1431A18429800F3A7A2 /* 141113_daiwafalcon03.jpg in Resources */ = {isa = PBXBuildFile; fileRef = F19FD1411A18429800F3A7A2 /* 141113_daiwafalcon03.jpg */; };
		F19FD1441A18429800F3A7A2 /* 141115_widebach05.jpg in Resources */ = {isa = PBXBuildFile; fileRef = F19FD1421A18429800F3A7A2 /* 141115_widebach05.jpg */; };
		F19FD1461A1843A300F3A7A2 /* MapKit.framework in Frameworks */ = {isa = PBXBuildFile; fileRef = F19FD1451A1843A300F3A7A2 /* MapKit.framework */; };
		F1F5CBE91A176F6600890BFB /* main.m in Sources */ = {isa = PBXBuildFile; fileRef = F1F5CBE81A176F6600890BFB /* main.m */; };
		F1F5CBEC1A176F6600890BFB /* AppDelegate.m in Sources */ = {isa = PBXBuildFile; fileRef = F1F5CBEB1A176F6600890BFB /* AppDelegate.m */; };
		F1F5CBEF1A176F6600890BFB /* ViewController.m in Sources */ = {isa = PBXBuildFile; fileRef = F1F5CBEE1A176F6600890BFB /* ViewController.m */; };
		F1F5CBF21A176F6600890BFB /* Main.storyboard in Resources */ = {isa = PBXBuildFile; fileRef = F1F5CBF01A176F6600890BFB /* Main.storyboard */; };
		F1F5CBF41A176F6600890BFB /* Images.xcassets in Resources */ = {isa = PBXBuildFile; fileRef = F1F5CBF31A176F6600890BFB /* Images.xcassets */; };
		F1F5CBF71A176F6600890BFB /* LaunchScreen.xib in Resources */ = {isa = PBXBuildFile; fileRef = F1F5CBF51A176F6600890BFB /* LaunchScreen.xib */; };
		F1F5CC031A176F6600890BFB /* OkadanavigateTests.m in Sources */ = {isa = PBXBuildFile; fileRef = F1F5CC021A176F6600890BFB /* OkadanavigateTests.m */; };
/* End PBXBuildFile section */

/* Begin PBXContainerItemProxy section */
		F1F5CBFD1A176F6600890BFB /* PBXContainerItemProxy */ = {
			isa = PBXContainerItemProxy;
			containerPortal = F1F5CBDB1A176F6600890BFB /* Project object */;
			proxyType = 1;
			remoteGlobalIDString = F1F5CBE21A176F6600890BFB;
			remoteInfo = Okadanavigate;
		};
/* End PBXContainerItemProxy section */

/* Begin PBXFileReference section */
		F19FD1411A18429800F3A7A2 /* 141113_daiwafalcon03.jpg */ = {isa = PBXFileReference; lastKnownFileType = image.jpeg; path = 141113_daiwafalcon03.jpg; sourceTree = "<group>"; };
		F19FD1421A18429800F3A7A2 /* 141115_widebach05.jpg */ = {isa = PBXFileReference; lastKnownFileType = image.jpeg; path = 141115_widebach05.jpg; sourceTree = "<group>"; };
		F19FD1451A1843A300F3A7A2 /* MapKit.framework */ = {isa = PBXFileReference; lastKnownFileType = wrapper.framework; name = MapKit.framework; path = System/Library/Frameworks/MapKit.framework; sourceTree = SDKROOT; };
		F1F5CBE31A176F6600890BFB /* Okadanavigate.app */ = {isa = PBXFileReference; explicitFileType = wrapper.application; includeInIndex = 0; path = Okadanavigate.app; sourceTree = BUILT_PRODUCTS_DIR; };
		F1F5CBE71A176F6600890BFB /* Info.plist */ = {isa = PBXFileReference; lastKnownFileType = text.plist.xml; path = Info.plist; sourceTree = "<group>"; };
		F1F5CBE81A176F6600890BFB /* main.m */ = {isa = PBXFileReference; lastKnownFileType = sourcecode.c.objc; path = main.m; sourceTree = "<group>"; };
		F1F5CBEA1A176F6600890BFB /* AppDelegate.h */ = {isa = PBXFileReference; lastKnownFileType = sourcecode.c.h; path = AppDelegate.h; sourceTree = "<group>"; };
		F1F5CBEB1A176F6600890BFB /* AppDelegate.m */ = {isa = PBXFileReference; lastKnownFileType = sourcecode.c.objc; path = AppDelegate.m; sourceTree = "<group>"; };
		F1F5CBED1A176F6600890BFB /* ViewController.h */ = {isa = PBXFileReference; lastKnownFileType = sourcecode.c.h; path = ViewController.h; sourceTree = "<group>"; };
		F1F5CBEE1A176F6600890BFB /* ViewController.m */ = {isa = PBXFileReference; lastKnownFileType = sourcecode.c.objc; path = ViewController.m; sourceTree = "<group>"; };
		F1F5CBF11A176F6600890BFB /* Base */ = {isa = PBXFileReference; lastKnownFileType = file.storyboard; name = Base; path = Base.lproj/Main.storyboard; sourceTree = "<group>"; };
		F1F5CBF31A176F6600890BFB /* Images.xcassets */ = {isa = PBXFileReference; lastKnownFileType = folder.assetcatalog; path = Images.xcassets; sourceTree = "<group>"; };
		F1F5CBF61A176F6600890BFB /* Base */ = {isa = PBXFileReference; lastKnownFileType = file.xib; name = Base; path = Base.lproj/LaunchScreen.xib; sourceTree = "<group>"; };
		F1F5CBFC1A176F6600890BFB /* OkadanavigateTests.xctest */ = {isa = PBXFileReference; explicitFileType = wrapper.cfbundle; includeInIndex = 0; path = OkadanavigateTests.xctest; sourceTree = BUILT_PRODUCTS_DIR; };
		F1F5CC011A176F6600890BFB /* Info.plist */ = {isa = PBXFileReference; lastKnownFileType = text.plist.xml; path = Info.plist; sourceTree = "<group>"; };
		F1F5CC021A176F6600890BFB /* OkadanavigateTests.m */ = {isa = PBXFileReference; lastKnownFileType = sourcecode.c.objc; path = OkadanavigateTests.m; sourceTree = "<group>"; };
/* End PBXFileReference section */

/* Begin PBXFrameworksBuildPhase section */
		F1F5CBE01A176F6600890BFB /* Frameworks */ = {
			isa = PBXFrameworksBuildPhase;
			buildActionMask = 2147483647;
			files = (
				F19FD1461A1843A300F3A7A2 /* MapKit.framework in Frameworks */,
			);
			runOnlyForDeploymentPostprocessing = 0;
		};
		F1F5CBF91A176F6600890BFB /* Frameworks */ = {
			isa = PBXFrameworksBuildPhase;
			buildActionMask = 2147483647;
			files = (
			);
			runOnlyForDeploymentPostprocessing = 0;
		};
/* End PBXFrameworksBuildPhase section */

/* Begin PBXGroup section */
		F1F5CBDA1A176F6600890BFB = {
			isa = PBXGroup;
			children = (
				F19FD1451A1843A300F3A7A2 /* MapKit.framework */,
				F1F5CBE51A176F6600890BFB /* Okadanavigate */,
				F1F5CBFF1A176F6600890BFB /* OkadanavigateTests */,
				F1F5CBE41A176F6600890BFB /* Products */,
			);
			sourceTree = "<group>";
		};
		F1F5CBE41A176F6600890BFB /* Products */ = {
			isa = PBXGroup;
			children = (
				F1F5CBE31A176F6600890BFB /* Okadanavigate.app */,
				F1F5CBFC1A176F6600890BFB /* OkadanavigateTests.xctest */,
			);
			name = Products;
			sourceTree = "<group>";
		};
		F1F5CBE51A176F6600890BFB /* Okadanavigate */ = {
			isa = PBXGroup;
			children = (
				F19FD1411A18429800F3A7A2 /* 141113_daiwafalcon03.jpg */,
				F19FD1421A18429800F3A7A2 /* 141115_widebach05.jpg */,
				F1F5CBEA1A176F6600890BFB /* AppDelegate.h */,
				F1F5CBEB1A176F6600890BFB /* AppDelegate.m */,
				F1F5CBED1A176F6600890BFB /* ViewController.h */,
				F1F5CBEE1A176F6600890BFB /* ViewController.m */,
				F1F5CBF01A176F6600890BFB /* Main.storyboard */,
				F1F5CBF31A176F6600890BFB /* Images.xcassets */,
				F1F5CBF51A176F6600890BFB /* LaunchScreen.xib */,
				F1F5CBE61A176F6600890BFB /* Supporting Files */,
			);
			path = Okadanavigate;
			sourceTree = "<group>";
		};
		F1F5CBE61A176F6600890BFB /* Supporting Files */ = {
			isa = PBXGroup;
			children = (
				F1F5CBE71A176F6600890BFB /* Info.plist */,
				F1F5CBE81A176F6600890BFB /* main.m */,
			);
			name = "Supporting Files";
			sourceTree = "<group>";
		};
		F1F5CBFF1A176F6600890BFB /* OkadanavigateTests */ = {
			isa = PBXGroup;
			children = (
				F1F5CC021A176F6600890BFB /* OkadanavigateTests.m */,
				F1F5CC001A176F6600890BFB /* Supporting Files */,
			);
			path = OkadanavigateTests;
			sourceTree = "<group>";
		};
		F1F5CC001A176F6600890BFB /* Supporting Files */ = {
			isa = PBXGroup;
			children = (
				F1F5CC011A176F6600890BFB /* Info.plist */,
			);
			name = "Supporting Files";
			sourceTree = "<group>";
		};
/* End PBXGroup section */

/* Begin PBXNativeTarget section */
		F1F5CBE21A176F6600890BFB /* Okadanavigate */ = {
			isa = PBXNativeTarget;
			buildConfigurationList = F1F5CC061A176F6600890BFB /* Build configuration list for PBXNativeTarget "Okadanavigate" */;
			buildPhases = (
				F1F5CBDF1A176F6600890BFB /* Sources */,
				F1F5CBE01A176F6600890BFB /* Frameworks */,
				F1F5CBE11A176F6600890BFB /* Resources */,
			);
			buildRules = (
			);
			dependencies = (
			);
			name = Okadanavigate;
			productName = Okadanavigate;
			productReference = F1F5CBE31A176F6600890BFB /* Okadanavigate.app */;
			productType = "com.apple.product-type.application";
		};
		F1F5CBFB1A176F6600890BFB /* OkadanavigateTests */ = {
			isa = PBXNativeTarget;
			buildConfigurationList = F1F5CC091A176F6600890BFB /* Build configuration list for PBXNativeTarget "OkadanavigateTests" */;
			buildPhases = (
				F1F5CBF81A176F6600890BFB /* Sources */,
				F1F5CBF91A176F6600890BFB /* Frameworks */,
				F1F5CBFA1A176F6600890BFB /* Resources */,
			);
			buildRules = (
			);
			dependencies = (
				F1F5CBFE1A176F6600890BFB /* PBXTargetDependency */,
			);
			name = OkadanavigateTests;
			productName = OkadanavigateTests;
			productReference = F1F5CBFC1A176F6600890BFB /* OkadanavigateTests.xctest */;
			productType = "com.apple.product-type.bundle.unit-test";
		};
/* End PBXNativeTarget section */

/* Begin PBXProject section */
		F1F5CBDB1A176F6600890BFB /* Project object */ = {
			isa = PBXProject;
			attributes = {
				LastUpgradeCheck = 0610;
				ORGANIZATIONNAME = "okada-mac";
				TargetAttributes = {
					F1F5CBE21A176F6600890BFB = {
						CreatedOnToolsVersion = 6.1;
						SystemCapabilities = {
							com.apple.Maps.iOS = {
								enabled = 1;
							};
						};
					};
					F1F5CBFB1A176F6600890BFB = {
						CreatedOnToolsVersion = 6.1;
						TestTargetID = F1F5CBE21A176F6600890BFB;
					};
				};
			};
			buildConfigurationList = F1F5CBDE1A176F6600890BFB /* Build configuration list for PBXProject "Okadanavigate" */;
			compatibilityVersion = "Xcode 3.2";
			developmentRegion = English;
			hasScannedForEncodings = 0;
			knownRegions = (
				en,
				Base,
			);
			mainGroup = F1F5CBDA1A176F6600890BFB;
			productRefGroup = F1F5CBE41A176F6600890BFB /* Products */;
			projectDirPath = "";
			projectRoot = "";
			targets = (
				F1F5CBE21A176F6600890BFB /* Okadanavigate */,
				F1F5CBFB1A176F6600890BFB /* OkadanavigateTests */,
			);
		};
/* End PBXProject section */

/* Begin PBXResourcesBuildPhase section */
		F1F5CBE11A176F6600890BFB /* Resources */ = {
			isa = PBXResourcesBuildPhase;
			buildActionMask = 2147483647;
			files = (
				F19FD1441A18429800F3A7A2 /* 141115_widebach05.jpg in Resources */,
				F1F5CBF21A176F6600890BFB /* Main.storyboard in Resources */,
				F19FD1431A18429800F3A7A2 /* 141113_daiwafalcon03.jpg in Resources */,
				F1F5CBF71A176F6600890BFB /* LaunchScreen.xib in Resources */,
				F1F5CBF41A176F6600890BFB /* Images.xcassets in Resources */,
			);
			runOnlyForDeploymentPostprocessing = 0;
		};
		F1F5CBFA1A176F6600890BFB /* Resources */ = {
			isa = PBXResourcesBuildPhase;
			buildActionMask = 2147483647;
			files = (
			);
			runOnlyForDeploymentPostprocessing = 0;
		};
/* End PBXResourcesBuildPhase section */

/* Begin PBXSourcesBuildPhase section */
		F1F5CBDF1A176F6600890BFB /* Sources */ = {
			isa = PBXSourcesBuildPhase;
			buildActionMask = 2147483647;
			files = (
				F1F5CBEF1A176F6600890BFB /* ViewController.m in Sources */,
				F1F5CBEC1A176F6600890BFB /* AppDelegate.m in Sources */,
				F1F5CBE91A176F6600890BFB /* main.m in Sources */,
			);
			runOnlyForDeploymentPostprocessing = 0;
		};
		F1F5CBF81A176F6600890BFB /* Sources */ = {
			isa = PBXSourcesBuildPhase;
			buildActionMask = 2147483647;
			files = (
				F1F5CC031A176F6600890BFB /* OkadanavigateTests.m in Sources */,
			);
			runOnlyForDeploymentPostprocessing = 0;
		};
/* End PBXSourcesBuildPhase section */

/* Begin PBXTargetDependency section */
		F1F5CBFE1A176F6600890BFB /* PBXTargetDependency */ = {
			isa = PBXTargetDependency;
			target = F1F5CBE21A176F6600890BFB /* Okadanavigate */;
			targetProxy = F1F5CBFD1A176F6600890BFB /* PBXContainerItemProxy */;
		};
/* End PBXTargetDependency section */

/* Begin PBXVariantGroup section */
		F1F5CBF01A176F6600890BFB /* Main.storyboard */ = {
			isa = PBXVariantGroup;
			children = (
				F1F5CBF11A176F6600890BFB /* Base */,
			);
			name = Main.storyboard;
			sourceTree = "<group>";
		};
		F1F5CBF51A176F6600890BFB /* LaunchScreen.xib */ = {
			isa = PBXVariantGroup;
			children = (
				F1F5CBF61A176F6600890BFB /* Base */,
			);
			name = LaunchScreen.xib;
			sourceTree = "<group>";
		};
/* End PBXVariantGroup section */

/* Begin XCBuildConfiguration section */
		F1F5CC041A176F6600890BFB /* Debug */ = {
			isa = XCBuildConfiguration;
			buildSettings = {
				ALWAYS_SEARCH_USER_PATHS = NO;
				CLANG_CXX_LANGUAGE_STANDARD = "gnu++0x";
				CLANG_CXX_LIBRARY = "libc++";
				CLANG_ENABLE_MODULES = YES;
				CLANG_ENABLE_OBJC_ARC = YES;
				CLANG_WARN_BOOL_CONVERSION = YES;
				CLANG_WARN_CONSTANT_CONVERSION = YES;
				CLANG_WARN_DIRECT_OBJC_ISA_USAGE = YES_ERROR;
				CLANG_WARN_EMPTY_BODY = YES;
				CLANG_WARN_ENUM_CONVERSION = YES;
				CLANG_WARN_INT_CONVERSION = YES;
				CLANG_WARN_OBJC_ROOT_CLASS = YES_ERROR;
				CLANG_WARN_UNREACHABLE_CODE = YES;
				CLANG_WARN__DUPLICATE_METHOD_MATCH = YES;
				"CODE_SIGN_IDENTITY[sdk=iphoneos*]" = "iPhone Developer";
				COPY_PHASE_STRIP = NO;
				ENABLE_STRICT_OBJC_MSGSEND = YES;
				GCC_C_LANGUAGE_STANDARD = gnu99;
				GCC_DYNAMIC_NO_PIC = NO;
				GCC_OPTIMIZATION_LEVEL = 0;
				GCC_PREPROCESSOR_DEFINITIONS = (
					"DEBUG=1",
					"$(inherited)",
				);
				GCC_SYMBOLS_PRIVATE_EXTERN = NO;
				GCC_WARN_64_TO_32_BIT_CONVERSION = YES;
				GCC_WARN_ABOUT_RETURN_TYPE = YES_ERROR;
				GCC_WARN_UNDECLARED_SELECTOR = YES;
				GCC_WARN_UNINITIALIZED_AUTOS = YES_AGGRESSIVE;
				GCC_WARN_UNUSED_FUNCTION = YES;
				GCC_WARN_UNUSED_VARIABLE = YES;
				IPHONEOS_DEPLOYMENT_TARGET = 8.1;
				MTL_ENABLE_DEBUG_INFO = YES;
				ONLY_ACTIVE_ARCH = YES;
				SDKROOT = iphoneos;
			};
			name = Debug;
		};
		F1F5CC051A176F6600890BFB /* Release */ = {
			isa = XCBuildConfiguration;
			buildSettings = {
				ALWAYS_SEARCH_USER_PATHS = NO;
				CLANG_CXX_LANGUAGE_STANDARD = "gnu++0x";
				CLANG_CXX_LIBRARY = "libc++";
				CLANG_ENABLE_MODULES = YES;
				CLANG_ENABLE_OBJC_ARC = YES;
				CLANG_WARN_BOOL_CONVERSION = YES;
				CLANG_WARN_CONSTANT_CONVERSION = YES;
				CLANG_WARN_DIRECT_OBJC_ISA_USAGE = YES_ERROR;
				CLANG_WARN_EMPTY_BODY = YES;
				CLANG_WARN_ENUM_CONVERSION = YES;
				CLANG_WARN_INT_CONVERSION = YES;
				CLANG_WARN_OBJC_ROOT_CLASS = YES_ERROR;
				CLANG_WARN_UNREACHABLE_CODE = YES;
				CLANG_WARN__DUPLICATE_METHOD_MATCH = YES;
				"CODE_SIGN_IDENTITY[sdk=iphoneos*]" = "iPhone Developer";
				COPY_PHASE_STRIP = YES;
				ENABLE_NS_ASSERTIONS = NO;
				ENABLE_STRICT_OBJC_MSGSEND = YES;
				GCC_C_LANGUAGE_STANDARD = gnu99;
				GCC_WARN_64_TO_32_BIT_CONVERSION = YES;
				GCC_WARN_ABOUT_RETURN_TYPE = YES_ERROR;
				GCC_WARN_UNDECLARED_SELECTOR = YES;
				GCC_WARN_UNINITIALIZED_AUTOS = YES_AGGRESSIVE;
				GCC_WARN_UNUSED_FUNCTION = YES;
				GCC_WARN_UNUSED_VARIABLE = YES;
				IPHONEOS_DEPLOYMENT_TARGET = 8.1;
				MTL_ENABLE_DEBUG_INFO = NO;
				SDKROOT = iphoneos;
				VALIDATE_PRODUCT = YES;
			};
			name = Release;
		};
		F1F5CC071A176F6600890BFB /* Debug */ = {
			isa = XCBuildConfiguration;
			buildSettings = {
				ASSETCATALOG_COMPILER_APPICON_NAME = AppIcon;
				INFOPLIST_FILE = Okadanavigate/Info.plist;
				LD_RUNPATH_SEARCH_PATHS = "$(inherited) @executable_path/Frameworks";
				PRODUCT_NAME = "$(TARGET_NAME)";
			};
			name = Debug;
		};
		F1F5CC081A176F6600890BFB /* Release */ = {
			isa = XCBuildConfiguration;
			buildSettings = {
				ASSETCATALOG_COMPILER_APPICON_NAME = AppIcon;
				INFOPLIST_FILE = Okadanavigate/Info.plist;
				LD_RUNPATH_SEARCH_PATHS = "$(inherited) @executable_path/Frameworks";
				PRODUCT_NAME = "$(TARGET_NAME)";
			};
			name = Release;
		};
		F1F5CC0A1A176F6600890BFB /* Debug */ = {
			isa = XCBuildConfiguration;
			buildSettings = {
				BUNDLE_LOADER = "$(TEST_HOST)";
				FRAMEWORK_SEARCH_PATHS = (
					"$(SDKROOT)/Developer/Library/Frameworks",
					"$(inherited)",
				);
				GCC_PREPROCESSOR_DEFINITIONS = (
					"DEBUG=1",
					"$(inherited)",
				);
				INFOPLIST_FILE = OkadanavigateTests/Info.plist;
				LD_RUNPATH_SEARCH_PATHS = "$(inherited) @executable_path/Frameworks @loader_path/Frameworks";
				PRODUCT_NAME = "$(TARGET_NAME)";
				TEST_HOST = "$(BUILT_PRODUCTS_DIR)/Okadanavigate.app/Okadanavigate";
			};
			name = Debug;
		};
		F1F5CC0B1A176F6600890BFB /* Release */ = {
			isa = XCBuildConfiguration;
			buildSettings = {
				BUNDLE_LOADER = "$(TEST_HOST)";
				FRAMEWORK_SEARCH_PATHS = (
					"$(SDKROOT)/Developer/Library/Frameworks",
					"$(inherited)",
				);
				INFOPLIST_FILE = OkadanavigateTests/Info.plist;
				LD_RUNPATH_SEARCH_PATHS = "$(inherited) @executable_path/Frameworks @loader_path/Frameworks";
				PRODUCT_NAME = "$(TARGET_NAME)";
				TEST_HOST = "$(BUILT_PRODUCTS_DIR)/Okadanavigate.app/Okadanavigate";
			};
			name = Release;
		};
/* End XCBuildConfiguration section */

/* Begin XCConfigurationList section */
		F1F5CBDE1A176F6600890BFB /* Build configuration list for PBXProject "Okadanavigate" */ = {
			isa = XCConfigurationList;
			buildConfigurations = (
				F1F5CC041A176F6600890BFB /* Debug */,
				F1F5CC051A176F6600890BFB /* Release */,
			);
			defaultConfigurationIsVisible = 0;
			defaultConfigurationName = Release;
		};
		F1F5CC061A176F6600890BFB /* Build configuration list for PBXNativeTarget "Okadanavigate" */ = {
			isa = XCConfigurationList;
			buildConfigurations = (
				F1F5CC071A176F6600890BFB /* Debug */,
				F1F5CC081A176F6600890BFB /* Release */,
			);
			defaultConfigurationIsVisible = 0;
			defaultConfigurationName = Release;
		};
		F1F5CC091A176F6600890BFB /* Build configuration list for PBXNativeTarget "OkadanavigateTests" */ = {
			isa = XCConfigurationList;
			buildConfigurations = (
				F1F5CC0A1A176F6600890BFB /* Debug */,
				F1F5CC0B1A176F6600890BFB /* Release */,
			);
			defaultConfigurationIsVisible = 0;
			defaultConfigurationName = Release;
		};
/* End XCConfigurationList section */
	};
	rootObject = F1F5CBDB1A176F6600890BFB /* Project object */;
}
