// !$*UTF8*$!
{
	archiveVersion = 1;
	classes = {
	};
	objectVersion = 46;
	objects = {

/* Begin PBXBuildFile section */
		92D7115D17BD1DBB00DB2F61 /* Foundation.framework in Frameworks */ = {isa = PBXBuildFile; fileRef = 92D7115C17BD1DBB00DB2F61 /* Foundation.framework */; };
		92D7115F17BD1DBB00DB2F61 /* CoreGraphics.framework in Frameworks */ = {isa = PBXBuildFile; fileRef = 92D7115E17BD1DBB00DB2F61 /* CoreGraphics.framework */; };
		92D7116117BD1DBB00DB2F61 /* UIKit.framework in Frameworks */ = {isa = PBXBuildFile; fileRef = 92D7116017BD1DBB00DB2F61 /* UIKit.framework */; };
		92D7116717BD1DBB00DB2F61 /* InfoPlist.strings in Resources */ = {isa = PBXBuildFile; fileRef = 92D7116517BD1DBB00DB2F61 /* InfoPlist.strings */; };
		92D7116917BD1DBB00DB2F61 /* main.m in Sources */ = {isa = PBXBuildFile; fileRef = 92D7116817BD1DBB00DB2F61 /* main.m */; };
		92D7116D17BD1DBB00DB2F61 /* AppDelegate.m in Sources */ = {isa = PBXBuildFile; fileRef = 92D7116C17BD1DBB00DB2F61 /* AppDelegate.m */; };
		92D7117017BD1DBC00DB2F61 /* Main.storyboard in Resources */ = {isa = PBXBuildFile; fileRef = 92D7116E17BD1DBC00DB2F61 /* Main.storyboard */; };
		92D7117317BD1DBC00DB2F61 /* ViewController.m in Sources */ = {isa = PBXBuildFile; fileRef = 92D7117217BD1DBC00DB2F61 /* ViewController.m */; };
		92D7117517BD1DBC00DB2F61 /* Images.xcassets in Resources */ = {isa = PBXBuildFile; fileRef = 92D7117417BD1DBC00DB2F61 /* Images.xcassets */; };
		92D7117C17BD1DBC00DB2F61 /* XCTest.framework in Frameworks */ = {isa = PBXBuildFile; fileRef = 92D7117B17BD1DBC00DB2F61 /* XCTest.framework */; };
		92D7117D17BD1DBC00DB2F61 /* Foundation.framework in Frameworks */ = {isa = PBXBuildFile; fileRef = 92D7115C17BD1DBB00DB2F61 /* Foundation.framework */; };
		92D7117E17BD1DBC00DB2F61 /* UIKit.framework in Frameworks */ = {isa = PBXBuildFile; fileRef = 92D7116017BD1DBB00DB2F61 /* UIKit.framework */; };
		92D7118617BD1DBC00DB2F61 /* InfoPlist.strings in Resources */ = {isa = PBXBuildFile; fileRef = 92D7118417BD1DBC00DB2F61 /* InfoPlist.strings */; };
		92D7118817BD1DBC00DB2F61 /* ex_MyClassTests.m in Sources */ = {isa = PBXBuildFile; fileRef = 92D7118717BD1DBC00DB2F61 /* ex_MyClassTests.m */; };
		92D7119317BD212800DB2F61 /* MyClass.m in Sources */ = {isa = PBXBuildFile; fileRef = 92D7119217BD212800DB2F61 /* MyClass.m */; };
/* End PBXBuildFile section */

/* Begin PBXContainerItemProxy section */
		92D7117F17BD1DBC00DB2F61 /* PBXContainerItemProxy */ = {
			isa = PBXContainerItemProxy;
			containerPortal = 92D7115117BD1DBB00DB2F61 /* Project object */;
			proxyType = 1;
			remoteGlobalIDString = 92D7115817BD1DBB00DB2F61;
			remoteInfo = ex_MyClass;
		};
/* End PBXContainerItemProxy section */

/* Begin PBXFileReference section */
		92D7115917BD1DBB00DB2F61 /* ex_MyClass.app */ = {isa = PBXFileReference; explicitFileType = wrapper.application; includeInIndex = 0; path = ex_MyClass.app; sourceTree = BUILT_PRODUCTS_DIR; };
		92D7115C17BD1DBB00DB2F61 /* Foundation.framework */ = {isa = PBXFileReference; lastKnownFileType = wrapper.framework; name = Foundation.framework; path = System/Library/Frameworks/Foundation.framework; sourceTree = SDKROOT; };
		92D7115E17BD1DBB00DB2F61 /* CoreGraphics.framework */ = {isa = PBXFileReference; lastKnownFileType = wrapper.framework; name = CoreGraphics.framework; path = System/Library/Frameworks/CoreGraphics.framework; sourceTree = SDKROOT; };
		92D7116017BD1DBB00DB2F61 /* UIKit.framework */ = {isa = PBXFileReference; lastKnownFileType = wrapper.framework; name = UIKit.framework; path = System/Library/Frameworks/UIKit.framework; sourceTree = SDKROOT; };
		92D7116417BD1DBB00DB2F61 /* ex_MyClass-Info.plist */ = {isa = PBXFileReference; lastKnownFileType = text.plist.xml; path = "ex_MyClass-Info.plist"; sourceTree = "<group>"; };
		92D7116617BD1DBB00DB2F61 /* en */ = {isa = PBXFileReference; lastKnownFileType = text.plist.strings; name = en; path = en.lproj/InfoPlist.strings; sourceTree = "<group>"; };
		92D7116817BD1DBB00DB2F61 /* main.m */ = {isa = PBXFileReference; lastKnownFileType = sourcecode.c.objc; path = main.m; sourceTree = "<group>"; };
		92D7116A17BD1DBB00DB2F61 /* ex_MyClass-Prefix.pch */ = {isa = PBXFileReference; lastKnownFileType = sourcecode.c.h; path = "ex_MyClass-Prefix.pch"; sourceTree = "<group>"; };
		92D7116B17BD1DBB00DB2F61 /* AppDelegate.h */ = {isa = PBXFileReference; lastKnownFileType = sourcecode.c.h; path = AppDelegate.h; sourceTree = "<group>"; };
		92D7116C17BD1DBB00DB2F61 /* AppDelegate.m */ = {isa = PBXFileReference; lastKnownFileType = sourcecode.c.objc; path = AppDelegate.m; sourceTree = "<group>"; };
		92D7116F17BD1DBC00DB2F61 /* Base */ = {isa = PBXFileReference; lastKnownFileType = file.storyboard; name = Base; path = Base.lproj/Main.storyboard; sourceTree = "<group>"; };
		92D7117117BD1DBC00DB2F61 /* ViewController.h */ = {isa = PBXFileReference; lastKnownFileType = sourcecode.c.h; path = ViewController.h; sourceTree = "<group>"; };
		92D7117217BD1DBC00DB2F61 /* ViewController.m */ = {isa = PBXFileReference; lastKnownFileType = sourcecode.c.objc; path = ViewController.m; sourceTree = "<group>"; };
		92D7117417BD1DBC00DB2F61 /* Images.xcassets */ = {isa = PBXFileReference; lastKnownFileType = folder.assetcatalog; path = Images.xcassets; sourceTree = "<group>"; };
		92D7117A17BD1DBC00DB2F61 /* ex_MyClassTests.xctest */ = {isa = PBXFileReference; explicitFileType = wrapper.cfbundle; includeInIndex = 0; path = ex_MyClassTests.xctest; sourceTree = BUILT_PRODUCTS_DIR; };
		92D7117B17BD1DBC00DB2F61 /* XCTest.framework */ = {isa = PBXFileReference; lastKnownFileType = wrapper.framework; name = XCTest.framework; path = Library/Frameworks/XCTest.framework; sourceTree = DEVELOPER_DIR; };
		92D7118317BD1DBC00DB2F61 /* ex_MyClassTests-Info.plist */ = {isa = PBXFileReference; lastKnownFileType = text.plist.xml; path = "ex_MyClassTests-Info.plist"; sourceTree = "<group>"; };
		92D7118517BD1DBC00DB2F61 /* en */ = {isa = PBXFileReference; lastKnownFileType = text.plist.strings; name = en; path = en.lproj/InfoPlist.strings; sourceTree = "<group>"; };
		92D7118717BD1DBC00DB2F61 /* ex_MyClassTests.m */ = {isa = PBXFileReference; lastKnownFileType = sourcecode.c.objc; path = ex_MyClassTests.m; sourceTree = "<group>"; };
		92D7119117BD212800DB2F61 /* MyClass.h */ = {isa = PBXFileReference; fileEncoding = 4; lastKnownFileType = sourcecode.c.h; path = MyClass.h; sourceTree = "<group>"; };
		92D7119217BD212800DB2F61 /* MyClass.m */ = {isa = PBXFileReference; fileEncoding = 4; lastKnownFileType = sourcecode.c.objc; path = MyClass.m; sourceTree = "<group>"; };
/* End PBXFileReference section */

/* Begin PBXFrameworksBuildPhase section */
		92D7115617BD1DBB00DB2F61 /* Frameworks */ = {
			isa = PBXFrameworksBuildPhase;
			buildActionMask = 2147483647;
			files = (
				92D7115F17BD1DBB00DB2F61 /* CoreGraphics.framework in Frameworks */,
				92D7116117BD1DBB00DB2F61 /* UIKit.framework in Frameworks */,
				92D7115D17BD1DBB00DB2F61 /* Foundation.framework in Frameworks */,
			);
			runOnlyForDeploymentPostprocessing = 0;
		};
		92D7117717BD1DBC00DB2F61 /* Frameworks */ = {
			isa = PBXFrameworksBuildPhase;
			buildActionMask = 2147483647;
			files = (
				92D7117C17BD1DBC00DB2F61 /* XCTest.framework in Frameworks */,
				92D7117E17BD1DBC00DB2F61 /* UIKit.framework in Frameworks */,
				92D7117D17BD1DBC00DB2F61 /* Foundation.framework in Frameworks */,
			);
			runOnlyForDeploymentPostprocessing = 0;
		};
/* End PBXFrameworksBuildPhase section */

/* Begin PBXGroup section */
		92D7115017BD1DBB00DB2F61 = {
			isa = PBXGroup;
			children = (
				92D7116217BD1DBB00DB2F61 /* ex_MyClass */,
				92D7118117BD1DBC00DB2F61 /* ex_MyClassTests */,
				92D7115B17BD1DBB00DB2F61 /* Frameworks */,
				92D7115A17BD1DBB00DB2F61 /* Products */,
			);
			sourceTree = "<group>";
		};
		92D7115A17BD1DBB00DB2F61 /* Products */ = {
			isa = PBXGroup;
			children = (
				92D7115917BD1DBB00DB2F61 /* ex_MyClass.app */,
				92D7117A17BD1DBC00DB2F61 /* ex_MyClassTests.xctest */,
			);
			name = Products;
			sourceTree = "<group>";
		};
		92D7115B17BD1DBB00DB2F61 /* Frameworks */ = {
			isa = PBXGroup;
			children = (
				92D7115C17BD1DBB00DB2F61 /* Foundation.framework */,
				92D7115E17BD1DBB00DB2F61 /* CoreGraphics.framework */,
				92D7116017BD1DBB00DB2F61 /* UIKit.framework */,
				92D7117B17BD1DBC00DB2F61 /* XCTest.framework */,
			);
			name = Frameworks;
			sourceTree = "<group>";
		};
		92D7116217BD1DBB00DB2F61 /* ex_MyClass */ = {
			isa = PBXGroup;
			children = (
				92D7116B17BD1DBB00DB2F61 /* AppDelegate.h */,
				92D7116C17BD1DBB00DB2F61 /* AppDelegate.m */,
				92D7116E17BD1DBC00DB2F61 /* Main.storyboard */,
				92D7117117BD1DBC00DB2F61 /* ViewController.h */,
				92D7117217BD1DBC00DB2F61 /* ViewController.m */,
				92D7119117BD212800DB2F61 /* MyClass.h */,
				92D7119217BD212800DB2F61 /* MyClass.m */,
				92D7117417BD1DBC00DB2F61 /* Images.xcassets */,
				92D7116317BD1DBB00DB2F61 /* Supporting Files */,
			);
			path = ex_MyClass;
			sourceTree = "<group>";
		};
		92D7116317BD1DBB00DB2F61 /* Supporting Files */ = {
			isa = PBXGroup;
			children = (
				92D7116417BD1DBB00DB2F61 /* ex_MyClass-Info.plist */,
				92D7116517BD1DBB00DB2F61 /* InfoPlist.strings */,
				92D7116817BD1DBB00DB2F61 /* main.m */,
				92D7116A17BD1DBB00DB2F61 /* ex_MyClass-Prefix.pch */,
			);
			name = "Supporting Files";
			sourceTree = "<group>";
		};
		92D7118117BD1DBC00DB2F61 /* ex_MyClassTests */ = {
			isa = PBXGroup;
			children = (
				92D7118717BD1DBC00DB2F61 /* ex_MyClassTests.m */,
				92D7118217BD1DBC00DB2F61 /* Supporting Files */,
			);
			path = ex_MyClassTests;
			sourceTree = "<group>";
		};
		92D7118217BD1DBC00DB2F61 /* Supporting Files */ = {
			isa = PBXGroup;
			children = (
				92D7118317BD1DBC00DB2F61 /* ex_MyClassTests-Info.plist */,
				92D7118417BD1DBC00DB2F61 /* InfoPlist.strings */,
			);
			name = "Supporting Files";
			sourceTree = "<group>";
		};
/* End PBXGroup section */

/* Begin PBXNativeTarget section */
		92D7115817BD1DBB00DB2F61 /* ex_MyClass */ = {
			isa = PBXNativeTarget;
			buildConfigurationList = 92D7118B17BD1DBC00DB2F61 /* Build configuration list for PBXNativeTarget "ex_MyClass" */;
			buildPhases = (
				92D7115517BD1DBB00DB2F61 /* Sources */,
				92D7115617BD1DBB00DB2F61 /* Frameworks */,
				92D7115717BD1DBB00DB2F61 /* Resources */,
			);
			buildRules = (
			);
			dependencies = (
			);
			name = ex_MyClass;
			productName = ex_MyClass;
			productReference = 92D7115917BD1DBB00DB2F61 /* ex_MyClass.app */;
			productType = "com.apple.product-type.application";
		};
		92D7117917BD1DBC00DB2F61 /* ex_MyClassTests */ = {
			isa = PBXNativeTarget;
			buildConfigurationList = 92D7118E17BD1DBC00DB2F61 /* Build configuration list for PBXNativeTarget "ex_MyClassTests" */;
			buildPhases = (
				92D7117617BD1DBC00DB2F61 /* Sources */,
				92D7117717BD1DBC00DB2F61 /* Frameworks */,
				92D7117817BD1DBC00DB2F61 /* Resources */,
			);
			buildRules = (
			);
			dependencies = (
				92D7118017BD1DBC00DB2F61 /* PBXTargetDependency */,
			);
			name = ex_MyClassTests;
			productName = ex_MyClassTests;
			productReference = 92D7117A17BD1DBC00DB2F61 /* ex_MyClassTests.xctest */;
			productType = "com.apple.product-type.bundle.unit-test";
		};
/* End PBXNativeTarget section */

/* Begin PBXProject section */
		92D7115117BD1DBB00DB2F61 /* Project object */ = {
			isa = PBXProject;
			attributes = {
				LastUpgradeCheck = 0500;
				ORGANIZATIONNAME = yoshiyuki;
				TargetAttributes = {
					92D7117917BD1DBC00DB2F61 = {
						TestTargetID = 92D7115817BD1DBB00DB2F61;
					};
				};
			};
			buildConfigurationList = 92D7115417BD1DBB00DB2F61 /* Build configuration list for PBXProject "ex_MyClass" */;
			compatibilityVersion = "Xcode 3.2";
			developmentRegion = English;
			hasScannedForEncodings = 0;
			knownRegions = (
				en,
				Base,
			);
			mainGroup = 92D7115017BD1DBB00DB2F61;
			productRefGroup = 92D7115A17BD1DBB00DB2F61 /* Products */;
			projectDirPath = "";
			projectRoot = "";
			targets = (
				92D7115817BD1DBB00DB2F61 /* ex_MyClass */,
				92D7117917BD1DBC00DB2F61 /* ex_MyClassTests */,
			);
		};
/* End PBXProject section */

/* Begin PBXResourcesBuildPhase section */
		92D7115717BD1DBB00DB2F61 /* Resources */ = {
			isa = PBXResourcesBuildPhase;
			buildActionMask = 2147483647;
			files = (
				92D7117517BD1DBC00DB2F61 /* Images.xcassets in Resources */,
				92D7116717BD1DBB00DB2F61 /* InfoPlist.strings in Resources */,
				92D7117017BD1DBC00DB2F61 /* Main.storyboard in Resources */,
			);
			runOnlyForDeploymentPostprocessing = 0;
		};
		92D7117817BD1DBC00DB2F61 /* Resources */ = {
			isa = PBXResourcesBuildPhase;
			buildActionMask = 2147483647;
			files = (
				92D7118617BD1DBC00DB2F61 /* InfoPlist.strings in Resources */,
			);
			runOnlyForDeploymentPostprocessing = 0;
		};
/* End PBXResourcesBuildPhase section */

/* Begin PBXSourcesBuildPhase section */
		92D7115517BD1DBB00DB2F61 /* Sources */ = {
			isa = PBXSourcesBuildPhase;
			buildActionMask = 2147483647;
			files = (
				92D7119317BD212800DB2F61 /* MyClass.m in Sources */,
				92D7117317BD1DBC00DB2F61 /* ViewController.m in Sources */,
				92D7116D17BD1DBB00DB2F61 /* AppDelegate.m in Sources */,
				92D7116917BD1DBB00DB2F61 /* main.m in Sources */,
			);
			runOnlyForDeploymentPostprocessing = 0;
		};
		92D7117617BD1DBC00DB2F61 /* Sources */ = {
			isa = PBXSourcesBuildPhase;
			buildActionMask = 2147483647;
			files = (
				92D7118817BD1DBC00DB2F61 /* ex_MyClassTests.m in Sources */,
			);
			runOnlyForDeploymentPostprocessing = 0;
		};
/* End PBXSourcesBuildPhase section */

/* Begin PBXTargetDependency section */
		92D7118017BD1DBC00DB2F61 /* PBXTargetDependency */ = {
			isa = PBXTargetDependency;
			target = 92D7115817BD1DBB00DB2F61 /* ex_MyClass */;
			targetProxy = 92D7117F17BD1DBC00DB2F61 /* PBXContainerItemProxy */;
		};
/* End PBXTargetDependency section */

/* Begin PBXVariantGroup section */
		92D7116517BD1DBB00DB2F61 /* InfoPlist.strings */ = {
			isa = PBXVariantGroup;
			children = (
				92D7116617BD1DBB00DB2F61 /* en */,
			);
			name = InfoPlist.strings;
			sourceTree = "<group>";
		};
		92D7116E17BD1DBC00DB2F61 /* Main.storyboard */ = {
			isa = PBXVariantGroup;
			children = (
				92D7116F17BD1DBC00DB2F61 /* Base */,
			);
			name = Main.storyboard;
			sourceTree = "<group>";
		};
		92D7118417BD1DBC00DB2F61 /* InfoPlist.strings */ = {
			isa = PBXVariantGroup;
			children = (
				92D7118517BD1DBC00DB2F61 /* en */,
			);
			name = InfoPlist.strings;
			sourceTree = "<group>";
		};
/* End PBXVariantGroup section */

/* Begin XCBuildConfiguration section */
		92D7118917BD1DBC00DB2F61 /* Debug */ = {
			isa = XCBuildConfiguration;
			buildSettings = {
				ALWAYS_SEARCH_USER_PATHS = NO;
				CLANG_CXX_LANGUAGE_STANDARD = "gnu++0x";
				CLANG_CXX_LIBRARY = "libc++";
				CLANG_ENABLE_MODULES = YES;
				CLANG_ENABLE_OBJC_ARC = YES;
				CLANG_WARN_BOOL_CONVERSION = YES;
				CLANG_WARN_CONSTANT_CONVERSION = YES;
				CLANG_WARN_DIRECT_OBJC_ISA_USAGE = YES_ERROR;
				CLANG_WARN_EMPTY_BODY = YES;
				CLANG_WARN_ENUM_CONVERSION = YES;
				CLANG_WARN_INT_CONVERSION = YES;
				CLANG_WARN_OBJC_ROOT_CLASS = YES_ERROR;
				CLANG_WARN__DUPLICATE_METHOD_MATCH = YES;
				"CODE_SIGN_IDENTITY[sdk=iphoneos*]" = "iPhone Developer";
				COPY_PHASE_STRIP = NO;
				GCC_C_LANGUAGE_STANDARD = gnu99;
				GCC_DYNAMIC_NO_PIC = NO;
				GCC_OPTIMIZATION_LEVEL = 0;
				GCC_PREPROCESSOR_DEFINITIONS = (
					"DEBUG=1",
					"$(inherited)",
				);
				GCC_SYMBOLS_PRIVATE_EXTERN = NO;
				GCC_WARN_ABOUT_RETURN_TYPE = YES_ERROR;
				GCC_WARN_UNDECLARED_SELECTOR = YES;
				GCC_WARN_UNINITIALIZED_AUTOS = YES;
				GCC_WARN_UNUSED_FUNCTION = YES;
				GCC_WARN_UNUSED_VARIABLE = YES;
				IPHONEOS_DEPLOYMENT_TARGET = 7.0;
				ONLY_ACTIVE_ARCH = YES;
				SDKROOT = iphoneos;
			};
			name = Debug;
		};
		92D7118A17BD1DBC00DB2F61 /* Release */ = {
			isa = XCBuildConfiguration;
			buildSettings = {
				ALWAYS_SEARCH_USER_PATHS = NO;
				CLANG_CXX_LANGUAGE_STANDARD = "gnu++0x";
				CLANG_CXX_LIBRARY = "libc++";
				CLANG_ENABLE_MODULES = YES;
				CLANG_ENABLE_OBJC_ARC = YES;
				CLANG_WARN_BOOL_CONVERSION = YES;
				CLANG_WARN_CONSTANT_CONVERSION = YES;
				CLANG_WARN_DIRECT_OBJC_ISA_USAGE = YES_ERROR;
				CLANG_WARN_EMPTY_BODY = YES;
				CLANG_WARN_ENUM_CONVERSION = YES;
				CLANG_WARN_INT_CONVERSION = YES;
				CLANG_WARN_OBJC_ROOT_CLASS = YES_ERROR;
				CLANG_WARN__DUPLICATE_METHOD_MATCH = YES;
				"CODE_SIGN_IDENTITY[sdk=iphoneos*]" = "iPhone Developer";
				COPY_PHASE_STRIP = YES;
				ENABLE_NS_ASSERTIONS = NO;
				GCC_C_LANGUAGE_STANDARD = gnu99;
				GCC_WARN_ABOUT_RETURN_TYPE = YES_ERROR;
				GCC_WARN_UNDECLARED_SELECTOR = YES;
				GCC_WARN_UNINITIALIZED_AUTOS = YES;
				GCC_WARN_UNUSED_FUNCTION = YES;
				GCC_WARN_UNUSED_VARIABLE = YES;
				IPHONEOS_DEPLOYMENT_TARGET = 7.0;
				SDKROOT = iphoneos;
				VALIDATE_PRODUCT = YES;
			};
			name = Release;
		};
		92D7118C17BD1DBC00DB2F61 /* Debug */ = {
			isa = XCBuildConfiguration;
			buildSettings = {
				ASSETCATALOG_COMPILER_APPICON_NAME = AppIcon;
				ASSETCATALOG_COMPILER_LAUNCHIMAGE_NAME = LaunchImage;
				CODE_SIGN_IDENTITY = "iPhone Developer";
				GCC_PRECOMPILE_PREFIX_HEADER = YES;
				GCC_PREFIX_HEADER = "ex_MyClass/ex_MyClass-Prefix.pch";
				INFOPLIST_FILE = "ex_MyClass/ex_MyClass-Info.plist";
				PRODUCT_NAME = "$(TARGET_NAME)";
				WRAPPER_EXTENSION = app;
			};
			name = Debug;
		};
		92D7118D17BD1DBC00DB2F61 /* Release */ = {
			isa = XCBuildConfiguration;
			buildSettings = {
				ASSETCATALOG_COMPILER_APPICON_NAME = AppIcon;
				ASSETCATALOG_COMPILER_LAUNCHIMAGE_NAME = LaunchImage;
				CODE_SIGN_IDENTITY = "iPhone Developer";
				GCC_PRECOMPILE_PREFIX_HEADER = YES;
				GCC_PREFIX_HEADER = "ex_MyClass/ex_MyClass-Prefix.pch";
				INFOPLIST_FILE = "ex_MyClass/ex_MyClass-Info.plist";
				PRODUCT_NAME = "$(TARGET_NAME)";
				WRAPPER_EXTENSION = app;
			};
			name = Release;
		};
		92D7118F17BD1DBC00DB2F61 /* Debug */ = {
			isa = XCBuildConfiguration;
			buildSettings = {
				BUNDLE_LOADER = "$(BUILT_PRODUCTS_DIR)/ex_MyClass.app/ex_MyClass";
				FRAMEWORK_SEARCH_PATHS = (
					"$(SDKROOT)/Developer/Library/Frameworks",
					"$(inherited)",
					"$(DEVELOPER_FRAMEWORKS_DIR)",
				);
				GCC_PRECOMPILE_PREFIX_HEADER = YES;
				GCC_PREFIX_HEADER = "ex_MyClass/ex_MyClass-Prefix.pch";
				GCC_PREPROCESSOR_DEFINITIONS = (
					"DEBUG=1",
					"$(inherited)",
				);
				INFOPLIST_FILE = "ex_MyClassTests/ex_MyClassTests-Info.plist";
				PRODUCT_NAME = "$(TARGET_NAME)";
				TEST_HOST = "$(BUNDLE_LOADER)";
				WRAPPER_EXTENSION = xctest;
			};
			name = Debug;
		};
		92D7119017BD1DBC00DB2F61 /* Release */ = {
			isa = XCBuildConfiguration;
			buildSettings = {
				BUNDLE_LOADER = "$(BUILT_PRODUCTS_DIR)/ex_MyClass.app/ex_MyClass";
				FRAMEWORK_SEARCH_PATHS = (
					"$(SDKROOT)/Developer/Library/Frameworks",
					"$(inherited)",
					"$(DEVELOPER_FRAMEWORKS_DIR)",
				);
				GCC_PRECOMPILE_PREFIX_HEADER = YES;
				GCC_PREFIX_HEADER = "ex_MyClass/ex_MyClass-Prefix.pch";
				INFOPLIST_FILE = "ex_MyClassTests/ex_MyClassTests-Info.plist";
				PRODUCT_NAME = "$(TARGET_NAME)";
				TEST_HOST = "$(BUNDLE_LOADER)";
				WRAPPER_EXTENSION = xctest;
			};
			name = Release;
		};
/* End XCBuildConfiguration section */

/* Begin XCConfigurationList section */
		92D7115417BD1DBB00DB2F61 /* Build configuration list for PBXProject "ex_MyClass" */ = {
			isa = XCConfigurationList;
			buildConfigurations = (
				92D7118917BD1DBC00DB2F61 /* Debug */,
				92D7118A17BD1DBC00DB2F61 /* Release */,
			);
			defaultConfigurationIsVisible = 0;
			defaultConfigurationName = Release;
		};
		92D7118B17BD1DBC00DB2F61 /* Build configuration list for PBXNativeTarget "ex_MyClass" */ = {
			isa = XCConfigurationList;
			buildConfigurations = (
				92D7118C17BD1DBC00DB2F61 /* Debug */,
				92D7118D17BD1DBC00DB2F61 /* Release */,
			);
			defaultConfigurationIsVisible = 0;
			defaultConfigurationName = Release;
		};
		92D7118E17BD1DBC00DB2F61 /* Build configuration list for PBXNativeTarget "ex_MyClassTests" */ = {
			isa = XCConfigurationList;
			buildConfigurations = (
				92D7118F17BD1DBC00DB2F61 /* Debug */,
				92D7119017BD1DBC00DB2F61 /* Release */,
			);
			defaultConfigurationIsVisible = 0;
			defaultConfigurationName = Release;
		};
/* End XCConfigurationList section */
	};
	rootObject = 92D7115117BD1DBB00DB2F61 /* Project object */;
}
