// !$*UTF8*$!
{
	archiveVersion = 1;
	classes = {
	};
	objectVersion = 46;
	objects = {

/* Begin PBXBuildFile section */
		929E3B5317B93A9500EAEBF8 /* Foundation.framework in Frameworks */ = {isa = PBXBuildFile; fileRef = 929E3B5217B93A9500EAEBF8 /* Foundation.framework */; };
		929E3B5517B93A9500EAEBF8 /* CoreGraphics.framework in Frameworks */ = {isa = PBXBuildFile; fileRef = 929E3B5417B93A9500EAEBF8 /* CoreGraphics.framework */; };
		929E3B5717B93A9500EAEBF8 /* UIKit.framework in Frameworks */ = {isa = PBXBuildFile; fileRef = 929E3B5617B93A9500EAEBF8 /* UIKit.framework */; };
		929E3B5D17B93A9500EAEBF8 /* InfoPlist.strings in Resources */ = {isa = PBXBuildFile; fileRef = 929E3B5B17B93A9500EAEBF8 /* InfoPlist.strings */; };
		929E3B5F17B93A9500EAEBF8 /* main.m in Sources */ = {isa = PBXBuildFile; fileRef = 929E3B5E17B93A9500EAEBF8 /* main.m */; };
		929E3B6317B93A9500EAEBF8 /* AppDelegate.m in Sources */ = {isa = PBXBuildFile; fileRef = 929E3B6217B93A9500EAEBF8 /* AppDelegate.m */; };
		929E3B6617B93A9500EAEBF8 /* Main.storyboard in Resources */ = {isa = PBXBuildFile; fileRef = 929E3B6417B93A9500EAEBF8 /* Main.storyboard */; };
		929E3B6917B93A9500EAEBF8 /* ViewController.m in Sources */ = {isa = PBXBuildFile; fileRef = 929E3B6817B93A9500EAEBF8 /* ViewController.m */; };
		929E3B6B17B93A9500EAEBF8 /* Images.xcassets in Resources */ = {isa = PBXBuildFile; fileRef = 929E3B6A17B93A9500EAEBF8 /* Images.xcassets */; };
		929E3B7217B93A9500EAEBF8 /* XCTest.framework in Frameworks */ = {isa = PBXBuildFile; fileRef = 929E3B7117B93A9500EAEBF8 /* XCTest.framework */; };
		929E3B7317B93A9500EAEBF8 /* Foundation.framework in Frameworks */ = {isa = PBXBuildFile; fileRef = 929E3B5217B93A9500EAEBF8 /* Foundation.framework */; };
		929E3B7417B93A9500EAEBF8 /* UIKit.framework in Frameworks */ = {isa = PBXBuildFile; fileRef = 929E3B5617B93A9500EAEBF8 /* UIKit.framework */; };
		929E3B7C17B93A9500EAEBF8 /* InfoPlist.strings in Resources */ = {isa = PBXBuildFile; fileRef = 929E3B7A17B93A9500EAEBF8 /* InfoPlist.strings */; };
		929E3B7E17B93A9500EAEBF8 /* ex_sliderValueTests.m in Sources */ = {isa = PBXBuildFile; fileRef = 929E3B7D17B93A9500EAEBF8 /* ex_sliderValueTests.m */; };
/* End PBXBuildFile section */

/* Begin PBXContainerItemProxy section */
		929E3B7517B93A9500EAEBF8 /* PBXContainerItemProxy */ = {
			isa = PBXContainerItemProxy;
			containerPortal = 929E3B4717B93A9400EAEBF8 /* Project object */;
			proxyType = 1;
			remoteGlobalIDString = 929E3B4E17B93A9400EAEBF8;
			remoteInfo = ex_sliderValue;
		};
/* End PBXContainerItemProxy section */

/* Begin PBXFileReference section */
		929E3B4F17B93A9500EAEBF8 /* ex_sliderValue.app */ = {isa = PBXFileReference; explicitFileType = wrapper.application; includeInIndex = 0; path = ex_sliderValue.app; sourceTree = BUILT_PRODUCTS_DIR; };
		929E3B5217B93A9500EAEBF8 /* Foundation.framework */ = {isa = PBXFileReference; lastKnownFileType = wrapper.framework; name = Foundation.framework; path = System/Library/Frameworks/Foundation.framework; sourceTree = SDKROOT; };
		929E3B5417B93A9500EAEBF8 /* CoreGraphics.framework */ = {isa = PBXFileReference; lastKnownFileType = wrapper.framework; name = CoreGraphics.framework; path = System/Library/Frameworks/CoreGraphics.framework; sourceTree = SDKROOT; };
		929E3B5617B93A9500EAEBF8 /* UIKit.framework */ = {isa = PBXFileReference; lastKnownFileType = wrapper.framework; name = UIKit.framework; path = System/Library/Frameworks/UIKit.framework; sourceTree = SDKROOT; };
		929E3B5A17B93A9500EAEBF8 /* ex_sliderValue-Info.plist */ = {isa = PBXFileReference; lastKnownFileType = text.plist.xml; path = "ex_sliderValue-Info.plist"; sourceTree = "<group>"; };
		929E3B5C17B93A9500EAEBF8 /* en */ = {isa = PBXFileReference; lastKnownFileType = text.plist.strings; name = en; path = en.lproj/InfoPlist.strings; sourceTree = "<group>"; };
		929E3B5E17B93A9500EAEBF8 /* main.m */ = {isa = PBXFileReference; lastKnownFileType = sourcecode.c.objc; path = main.m; sourceTree = "<group>"; };
		929E3B6017B93A9500EAEBF8 /* ex_sliderValue-Prefix.pch */ = {isa = PBXFileReference; lastKnownFileType = sourcecode.c.h; path = "ex_sliderValue-Prefix.pch"; sourceTree = "<group>"; };
		929E3B6117B93A9500EAEBF8 /* AppDelegate.h */ = {isa = PBXFileReference; lastKnownFileType = sourcecode.c.h; path = AppDelegate.h; sourceTree = "<group>"; };
		929E3B6217B93A9500EAEBF8 /* AppDelegate.m */ = {isa = PBXFileReference; lastKnownFileType = sourcecode.c.objc; path = AppDelegate.m; sourceTree = "<group>"; };
		929E3B6517B93A9500EAEBF8 /* Base */ = {isa = PBXFileReference; lastKnownFileType = file.storyboard; name = Base; path = Base.lproj/Main.storyboard; sourceTree = "<group>"; };
		929E3B6717B93A9500EAEBF8 /* ViewController.h */ = {isa = PBXFileReference; lastKnownFileType = sourcecode.c.h; path = ViewController.h; sourceTree = "<group>"; };
		929E3B6817B93A9500EAEBF8 /* ViewController.m */ = {isa = PBXFileReference; lastKnownFileType = sourcecode.c.objc; path = ViewController.m; sourceTree = "<group>"; };
		929E3B6A17B93A9500EAEBF8 /* Images.xcassets */ = {isa = PBXFileReference; lastKnownFileType = folder.assetcatalog; path = Images.xcassets; sourceTree = "<group>"; };
		929E3B7017B93A9500EAEBF8 /* ex_sliderValueTests.xctest */ = {isa = PBXFileReference; explicitFileType = wrapper.cfbundle; includeInIndex = 0; path = ex_sliderValueTests.xctest; sourceTree = BUILT_PRODUCTS_DIR; };
		929E3B7117B93A9500EAEBF8 /* XCTest.framework */ = {isa = PBXFileReference; lastKnownFileType = wrapper.framework; name = XCTest.framework; path = Library/Frameworks/XCTest.framework; sourceTree = DEVELOPER_DIR; };
		929E3B7917B93A9500EAEBF8 /* ex_sliderValueTests-Info.plist */ = {isa = PBXFileReference; lastKnownFileType = text.plist.xml; path = "ex_sliderValueTests-Info.plist"; sourceTree = "<group>"; };
		929E3B7B17B93A9500EAEBF8 /* en */ = {isa = PBXFileReference; lastKnownFileType = text.plist.strings; name = en; path = en.lproj/InfoPlist.strings; sourceTree = "<group>"; };
		929E3B7D17B93A9500EAEBF8 /* ex_sliderValueTests.m */ = {isa = PBXFileReference; lastKnownFileType = sourcecode.c.objc; path = ex_sliderValueTests.m; sourceTree = "<group>"; };
/* End PBXFileReference section */

/* Begin PBXFrameworksBuildPhase section */
		929E3B4C17B93A9400EAEBF8 /* Frameworks */ = {
			isa = PBXFrameworksBuildPhase;
			buildActionMask = 2147483647;
			files = (
				929E3B5517B93A9500EAEBF8 /* CoreGraphics.framework in Frameworks */,
				929E3B5717B93A9500EAEBF8 /* UIKit.framework in Frameworks */,
				929E3B5317B93A9500EAEBF8 /* Foundation.framework in Frameworks */,
			);
			runOnlyForDeploymentPostprocessing = 0;
		};
		929E3B6D17B93A9500EAEBF8 /* Frameworks */ = {
			isa = PBXFrameworksBuildPhase;
			buildActionMask = 2147483647;
			files = (
				929E3B7217B93A9500EAEBF8 /* XCTest.framework in Frameworks */,
				929E3B7417B93A9500EAEBF8 /* UIKit.framework in Frameworks */,
				929E3B7317B93A9500EAEBF8 /* Foundation.framework in Frameworks */,
			);
			runOnlyForDeploymentPostprocessing = 0;
		};
/* End PBXFrameworksBuildPhase section */

/* Begin PBXGroup section */
		929E3B4617B93A9400EAEBF8 = {
			isa = PBXGroup;
			children = (
				929E3B5817B93A9500EAEBF8 /* ex_sliderValue */,
				929E3B7717B93A9500EAEBF8 /* ex_sliderValueTests */,
				929E3B5117B93A9500EAEBF8 /* Frameworks */,
				929E3B5017B93A9500EAEBF8 /* Products */,
			);
			sourceTree = "<group>";
		};
		929E3B5017B93A9500EAEBF8 /* Products */ = {
			isa = PBXGroup;
			children = (
				929E3B4F17B93A9500EAEBF8 /* ex_sliderValue.app */,
				929E3B7017B93A9500EAEBF8 /* ex_sliderValueTests.xctest */,
			);
			name = Products;
			sourceTree = "<group>";
		};
		929E3B5117B93A9500EAEBF8 /* Frameworks */ = {
			isa = PBXGroup;
			children = (
				929E3B5217B93A9500EAEBF8 /* Foundation.framework */,
				929E3B5417B93A9500EAEBF8 /* CoreGraphics.framework */,
				929E3B5617B93A9500EAEBF8 /* UIKit.framework */,
				929E3B7117B93A9500EAEBF8 /* XCTest.framework */,
			);
			name = Frameworks;
			sourceTree = "<group>";
		};
		929E3B5817B93A9500EAEBF8 /* ex_sliderValue */ = {
			isa = PBXGroup;
			children = (
				929E3B6117B93A9500EAEBF8 /* AppDelegate.h */,
				929E3B6217B93A9500EAEBF8 /* AppDelegate.m */,
				929E3B6417B93A9500EAEBF8 /* Main.storyboard */,
				929E3B6717B93A9500EAEBF8 /* ViewController.h */,
				929E3B6817B93A9500EAEBF8 /* ViewController.m */,
				929E3B6A17B93A9500EAEBF8 /* Images.xcassets */,
				929E3B5917B93A9500EAEBF8 /* Supporting Files */,
			);
			path = ex_sliderValue;
			sourceTree = "<group>";
		};
		929E3B5917B93A9500EAEBF8 /* Supporting Files */ = {
			isa = PBXGroup;
			children = (
				929E3B5A17B93A9500EAEBF8 /* ex_sliderValue-Info.plist */,
				929E3B5B17B93A9500EAEBF8 /* InfoPlist.strings */,
				929E3B5E17B93A9500EAEBF8 /* main.m */,
				929E3B6017B93A9500EAEBF8 /* ex_sliderValue-Prefix.pch */,
			);
			name = "Supporting Files";
			sourceTree = "<group>";
		};
		929E3B7717B93A9500EAEBF8 /* ex_sliderValueTests */ = {
			isa = PBXGroup;
			children = (
				929E3B7D17B93A9500EAEBF8 /* ex_sliderValueTests.m */,
				929E3B7817B93A9500EAEBF8 /* Supporting Files */,
			);
			path = ex_sliderValueTests;
			sourceTree = "<group>";
		};
		929E3B7817B93A9500EAEBF8 /* Supporting Files */ = {
			isa = PBXGroup;
			children = (
				929E3B7917B93A9500EAEBF8 /* ex_sliderValueTests-Info.plist */,
				929E3B7A17B93A9500EAEBF8 /* InfoPlist.strings */,
			);
			name = "Supporting Files";
			sourceTree = "<group>";
		};
/* End PBXGroup section */

/* Begin PBXNativeTarget section */
		929E3B4E17B93A9400EAEBF8 /* ex_sliderValue */ = {
			isa = PBXNativeTarget;
			buildConfigurationList = 929E3B8117B93A9500EAEBF8 /* Build configuration list for PBXNativeTarget "ex_sliderValue" */;
			buildPhases = (
				929E3B4B17B93A9400EAEBF8 /* Sources */,
				929E3B4C17B93A9400EAEBF8 /* Frameworks */,
				929E3B4D17B93A9400EAEBF8 /* Resources */,
			);
			buildRules = (
			);
			dependencies = (
			);
			name = ex_sliderValue;
			productName = ex_sliderValue;
			productReference = 929E3B4F17B93A9500EAEBF8 /* ex_sliderValue.app */;
			productType = "com.apple.product-type.application";
		};
		929E3B6F17B93A9500EAEBF8 /* ex_sliderValueTests */ = {
			isa = PBXNativeTarget;
			buildConfigurationList = 929E3B8417B93A9500EAEBF8 /* Build configuration list for PBXNativeTarget "ex_sliderValueTests" */;
			buildPhases = (
				929E3B6C17B93A9500EAEBF8 /* Sources */,
				929E3B6D17B93A9500EAEBF8 /* Frameworks */,
				929E3B6E17B93A9500EAEBF8 /* Resources */,
			);
			buildRules = (
			);
			dependencies = (
				929E3B7617B93A9500EAEBF8 /* PBXTargetDependency */,
			);
			name = ex_sliderValueTests;
			productName = ex_sliderValueTests;
			productReference = 929E3B7017B93A9500EAEBF8 /* ex_sliderValueTests.xctest */;
			productType = "com.apple.product-type.bundle.unit-test";
		};
/* End PBXNativeTarget section */

/* Begin PBXProject section */
		929E3B4717B93A9400EAEBF8 /* Project object */ = {
			isa = PBXProject;
			attributes = {
				LastUpgradeCheck = 0500;
				ORGANIZATIONNAME = yoshiyuki;
				TargetAttributes = {
					929E3B6F17B93A9500EAEBF8 = {
						TestTargetID = 929E3B4E17B93A9400EAEBF8;
					};
				};
			};
			buildConfigurationList = 929E3B4A17B93A9400EAEBF8 /* Build configuration list for PBXProject "ex_sliderValue" */;
			compatibilityVersion = "Xcode 3.2";
			developmentRegion = English;
			hasScannedForEncodings = 0;
			knownRegions = (
				en,
				Base,
			);
			mainGroup = 929E3B4617B93A9400EAEBF8;
			productRefGroup = 929E3B5017B93A9500EAEBF8 /* Products */;
			projectDirPath = "";
			projectRoot = "";
			targets = (
				929E3B4E17B93A9400EAEBF8 /* ex_sliderValue */,
				929E3B6F17B93A9500EAEBF8 /* ex_sliderValueTests */,
			);
		};
/* End PBXProject section */

/* Begin PBXResourcesBuildPhase section */
		929E3B4D17B93A9400EAEBF8 /* Resources */ = {
			isa = PBXResourcesBuildPhase;
			buildActionMask = 2147483647;
			files = (
				929E3B6B17B93A9500EAEBF8 /* Images.xcassets in Resources */,
				929E3B5D17B93A9500EAEBF8 /* InfoPlist.strings in Resources */,
				929E3B6617B93A9500EAEBF8 /* Main.storyboard in Resources */,
			);
			runOnlyForDeploymentPostprocessing = 0;
		};
		929E3B6E17B93A9500EAEBF8 /* Resources */ = {
			isa = PBXResourcesBuildPhase;
			buildActionMask = 2147483647;
			files = (
				929E3B7C17B93A9500EAEBF8 /* InfoPlist.strings in Resources */,
			);
			runOnlyForDeploymentPostprocessing = 0;
		};
/* End PBXResourcesBuildPhase section */

/* Begin PBXSourcesBuildPhase section */
		929E3B4B17B93A9400EAEBF8 /* Sources */ = {
			isa = PBXSourcesBuildPhase;
			buildActionMask = 2147483647;
			files = (
				929E3B6917B93A9500EAEBF8 /* ViewController.m in Sources */,
				929E3B6317B93A9500EAEBF8 /* AppDelegate.m in Sources */,
				929E3B5F17B93A9500EAEBF8 /* main.m in Sources */,
			);
			runOnlyForDeploymentPostprocessing = 0;
		};
		929E3B6C17B93A9500EAEBF8 /* Sources */ = {
			isa = PBXSourcesBuildPhase;
			buildActionMask = 2147483647;
			files = (
				929E3B7E17B93A9500EAEBF8 /* ex_sliderValueTests.m in Sources */,
			);
			runOnlyForDeploymentPostprocessing = 0;
		};
/* End PBXSourcesBuildPhase section */

/* Begin PBXTargetDependency section */
		929E3B7617B93A9500EAEBF8 /* PBXTargetDependency */ = {
			isa = PBXTargetDependency;
			target = 929E3B4E17B93A9400EAEBF8 /* ex_sliderValue */;
			targetProxy = 929E3B7517B93A9500EAEBF8 /* PBXContainerItemProxy */;
		};
/* End PBXTargetDependency section */

/* Begin PBXVariantGroup section */
		929E3B5B17B93A9500EAEBF8 /* InfoPlist.strings */ = {
			isa = PBXVariantGroup;
			children = (
				929E3B5C17B93A9500EAEBF8 /* en */,
			);
			name = InfoPlist.strings;
			sourceTree = "<group>";
		};
		929E3B6417B93A9500EAEBF8 /* Main.storyboard */ = {
			isa = PBXVariantGroup;
			children = (
				929E3B6517B93A9500EAEBF8 /* Base */,
			);
			name = Main.storyboard;
			sourceTree = "<group>";
		};
		929E3B7A17B93A9500EAEBF8 /* InfoPlist.strings */ = {
			isa = PBXVariantGroup;
			children = (
				929E3B7B17B93A9500EAEBF8 /* en */,
			);
			name = InfoPlist.strings;
			sourceTree = "<group>";
		};
/* End PBXVariantGroup section */

/* Begin XCBuildConfiguration section */
		929E3B7F17B93A9500EAEBF8 /* Debug */ = {
			isa = XCBuildConfiguration;
			buildSettings = {
				ALWAYS_SEARCH_USER_PATHS = NO;
				CLANG_CXX_LANGUAGE_STANDARD = "gnu++0x";
				CLANG_CXX_LIBRARY = "libc++";
				CLANG_ENABLE_MODULES = YES;
				CLANG_ENABLE_OBJC_ARC = YES;
				CLANG_WARN_BOOL_CONVERSION = YES;
				CLANG_WARN_CONSTANT_CONVERSION = YES;
				CLANG_WARN_DIRECT_OBJC_ISA_USAGE = YES_ERROR;
				CLANG_WARN_EMPTY_BODY = YES;
				CLANG_WARN_ENUM_CONVERSION = YES;
				CLANG_WARN_INT_CONVERSION = YES;
				CLANG_WARN_OBJC_ROOT_CLASS = YES_ERROR;
				CLANG_WARN__DUPLICATE_METHOD_MATCH = YES;
				"CODE_SIGN_IDENTITY[sdk=iphoneos*]" = "iPhone Developer";
				COPY_PHASE_STRIP = NO;
				GCC_C_LANGUAGE_STANDARD = gnu99;
				GCC_DYNAMIC_NO_PIC = NO;
				GCC_OPTIMIZATION_LEVEL = 0;
				GCC_PREPROCESSOR_DEFINITIONS = (
					"DEBUG=1",
					"$(inherited)",
				);
				GCC_SYMBOLS_PRIVATE_EXTERN = NO;
				GCC_WARN_ABOUT_RETURN_TYPE = YES_ERROR;
				GCC_WARN_UNDECLARED_SELECTOR = YES;
				GCC_WARN_UNINITIALIZED_AUTOS = YES;
				GCC_WARN_UNUSED_FUNCTION = YES;
				GCC_WARN_UNUSED_VARIABLE = YES;
				IPHONEOS_DEPLOYMENT_TARGET = 7.0;
				ONLY_ACTIVE_ARCH = YES;
				SDKROOT = iphoneos;
			};
			name = Debug;
		};
		929E3B8017B93A9500EAEBF8 /* Release */ = {
			isa = XCBuildConfiguration;
			buildSettings = {
				ALWAYS_SEARCH_USER_PATHS = NO;
				CLANG_CXX_LANGUAGE_STANDARD = "gnu++0x";
				CLANG_CXX_LIBRARY = "libc++";
				CLANG_ENABLE_MODULES = YES;
				CLANG_ENABLE_OBJC_ARC = YES;
				CLANG_WARN_BOOL_CONVERSION = YES;
				CLANG_WARN_CONSTANT_CONVERSION = YES;
				CLANG_WARN_DIRECT_OBJC_ISA_USAGE = YES_ERROR;
				CLANG_WARN_EMPTY_BODY = YES;
				CLANG_WARN_ENUM_CONVERSION = YES;
				CLANG_WARN_INT_CONVERSION = YES;
				CLANG_WARN_OBJC_ROOT_CLASS = YES_ERROR;
				CLANG_WARN__DUPLICATE_METHOD_MATCH = YES;
				"CODE_SIGN_IDENTITY[sdk=iphoneos*]" = "iPhone Developer";
				COPY_PHASE_STRIP = YES;
				ENABLE_NS_ASSERTIONS = NO;
				GCC_C_LANGUAGE_STANDARD = gnu99;
				GCC_WARN_ABOUT_RETURN_TYPE = YES_ERROR;
				GCC_WARN_UNDECLARED_SELECTOR = YES;
				GCC_WARN_UNINITIALIZED_AUTOS = YES;
				GCC_WARN_UNUSED_FUNCTION = YES;
				GCC_WARN_UNUSED_VARIABLE = YES;
				IPHONEOS_DEPLOYMENT_TARGET = 7.0;
				SDKROOT = iphoneos;
				VALIDATE_PRODUCT = YES;
			};
			name = Release;
		};
		929E3B8217B93A9500EAEBF8 /* Debug */ = {
			isa = XCBuildConfiguration;
			buildSettings = {
				ASSETCATALOG_COMPILER_APPICON_NAME = AppIcon;
				ASSETCATALOG_COMPILER_LAUNCHIMAGE_NAME = LaunchImage;
				CODE_SIGN_IDENTITY = "iPhone Developer";
				"CODE_SIGN_IDENTITY[sdk=iphoneos*]" = "iPhone Developer";
				GCC_PRECOMPILE_PREFIX_HEADER = YES;
				GCC_PREFIX_HEADER = "ex_sliderValue/ex_sliderValue-Prefix.pch";
				INFOPLIST_FILE = "ex_sliderValue/ex_sliderValue-Info.plist";
				PRODUCT_NAME = "$(TARGET_NAME)";
				PROVISIONING_PROFILE = "";
				WRAPPER_EXTENSION = app;
			};
			name = Debug;
		};
		929E3B8317B93A9500EAEBF8 /* Release */ = {
			isa = XCBuildConfiguration;
			buildSettings = {
				ASSETCATALOG_COMPILER_APPICON_NAME = AppIcon;
				ASSETCATALOG_COMPILER_LAUNCHIMAGE_NAME = LaunchImage;
				CODE_SIGN_IDENTITY = "iPhone Developer";
				"CODE_SIGN_IDENTITY[sdk=iphoneos*]" = "iPhone Developer";
				GCC_PRECOMPILE_PREFIX_HEADER = YES;
				GCC_PREFIX_HEADER = "ex_sliderValue/ex_sliderValue-Prefix.pch";
				INFOPLIST_FILE = "ex_sliderValue/ex_sliderValue-Info.plist";
				PRODUCT_NAME = "$(TARGET_NAME)";
				PROVISIONING_PROFILE = "";
				WRAPPER_EXTENSION = app;
			};
			name = Release;
		};
		929E3B8517B93A9500EAEBF8 /* Debug */ = {
			isa = XCBuildConfiguration;
			buildSettings = {
				BUNDLE_LOADER = "$(BUILT_PRODUCTS_DIR)/ex_sliderValue.app/ex_sliderValue";
				FRAMEWORK_SEARCH_PATHS = (
					"$(SDKROOT)/Developer/Library/Frameworks",
					"$(inherited)",
					"$(DEVELOPER_FRAMEWORKS_DIR)",
				);
				GCC_PRECOMPILE_PREFIX_HEADER = YES;
				GCC_PREFIX_HEADER = "ex_sliderValue/ex_sliderValue-Prefix.pch";
				GCC_PREPROCESSOR_DEFINITIONS = (
					"DEBUG=1",
					"$(inherited)",
				);
				INFOPLIST_FILE = "ex_sliderValueTests/ex_sliderValueTests-Info.plist";
				PRODUCT_NAME = "$(TARGET_NAME)";
				TEST_HOST = "$(BUNDLE_LOADER)";
				WRAPPER_EXTENSION = xctest;
			};
			name = Debug;
		};
		929E3B8617B93A9500EAEBF8 /* Release */ = {
			isa = XCBuildConfiguration;
			buildSettings = {
				BUNDLE_LOADER = "$(BUILT_PRODUCTS_DIR)/ex_sliderValue.app/ex_sliderValue";
				FRAMEWORK_SEARCH_PATHS = (
					"$(SDKROOT)/Developer/Library/Frameworks",
					"$(inherited)",
					"$(DEVELOPER_FRAMEWORKS_DIR)",
				);
				GCC_PRECOMPILE_PREFIX_HEADER = YES;
				GCC_PREFIX_HEADER = "ex_sliderValue/ex_sliderValue-Prefix.pch";
				INFOPLIST_FILE = "ex_sliderValueTests/ex_sliderValueTests-Info.plist";
				PRODUCT_NAME = "$(TARGET_NAME)";
				TEST_HOST = "$(BUNDLE_LOADER)";
				WRAPPER_EXTENSION = xctest;
			};
			name = Release;
		};
/* End XCBuildConfiguration section */

/* Begin XCConfigurationList section */
		929E3B4A17B93A9400EAEBF8 /* Build configuration list for PBXProject "ex_sliderValue" */ = {
			isa = XCConfigurationList;
			buildConfigurations = (
				929E3B7F17B93A9500EAEBF8 /* Debug */,
				929E3B8017B93A9500EAEBF8 /* Release */,
			);
			defaultConfigurationIsVisible = 0;
			defaultConfigurationName = Release;
		};
		929E3B8117B93A9500EAEBF8 /* Build configuration list for PBXNativeTarget "ex_sliderValue" */ = {
			isa = XCConfigurationList;
			buildConfigurations = (
				929E3B8217B93A9500EAEBF8 /* Debug */,
				929E3B8317B93A9500EAEBF8 /* Release */,
			);
			defaultConfigurationIsVisible = 0;
			defaultConfigurationName = Release;
		};
		929E3B8417B93A9500EAEBF8 /* Build configuration list for PBXNativeTarget "ex_sliderValueTests" */ = {
			isa = XCConfigurationList;
			buildConfigurations = (
				929E3B8517B93A9500EAEBF8 /* Debug */,
				929E3B8617B93A9500EAEBF8 /* Release */,
			);
			defaultConfigurationIsVisible = 0;
			defaultConfigurationName = Release;
		};
/* End XCConfigurationList section */
	};
	rootObject = 929E3B4717B93A9400EAEBF8 /* Project object */;
}
