// !$*UTF8*$!
{
	archiveVersion = 1;
	classes = {
	};
	objectVersion = 46;
	objects = {

/* Begin PBXBuildFile section */
		F19355D21A27247100BCE24D /* main.m in Sources */ = {isa = PBXBuildFile; fileRef = F19355D11A27247100BCE24D /* main.m */; };
		F19355D51A27247100BCE24D /* AppDelegate.m in Sources */ = {isa = PBXBuildFile; fileRef = F19355D41A27247100BCE24D /* AppDelegate.m */; };
		F19355D81A27247100BCE24D /* ViewController.m in Sources */ = {isa = PBXBuildFile; fileRef = F19355D71A27247100BCE24D /* ViewController.m */; };
		F19355DB1A27247100BCE24D /* Main.storyboard in Resources */ = {isa = PBXBuildFile; fileRef = F19355D91A27247100BCE24D /* Main.storyboard */; };
		F19355DD1A27247100BCE24D /* Images.xcassets in Resources */ = {isa = PBXBuildFile; fileRef = F19355DC1A27247100BCE24D /* Images.xcassets */; };
		F19355E01A27247100BCE24D /* LaunchScreen.xib in Resources */ = {isa = PBXBuildFile; fileRef = F19355DE1A27247100BCE24D /* LaunchScreen.xib */; };
		F19355EC1A27247100BCE24D /* bringSubviewToFrontTests.m in Sources */ = {isa = PBXBuildFile; fileRef = F19355EB1A27247100BCE24D /* bringSubviewToFrontTests.m */; };
		F19355F81A2724AD00BCE24D /* shami2.jpg in Resources */ = {isa = PBXBuildFile; fileRef = F19355F51A2724AD00BCE24D /* shami2.jpg */; };
		F19355F91A2724AD00BCE24D /* shami3.jpg in Resources */ = {isa = PBXBuildFile; fileRef = F19355F61A2724AD00BCE24D /* shami3.jpg */; };
		F19355FA1A2724AD00BCE24D /* shami4.jpg in Resources */ = {isa = PBXBuildFile; fileRef = F19355F71A2724AD00BCE24D /* shami4.jpg */; };
/* End PBXBuildFile section */

/* Begin PBXContainerItemProxy section */
		F19355E61A27247100BCE24D /* PBXContainerItemProxy */ = {
			isa = PBXContainerItemProxy;
			containerPortal = F19355C41A27247100BCE24D /* Project object */;
			proxyType = 1;
			remoteGlobalIDString = F19355CB1A27247100BCE24D;
			remoteInfo = bringSubviewToFront;
		};
/* End PBXContainerItemProxy section */

/* Begin PBXFileReference section */
		F19355CC1A27247100BCE24D /* bringSubviewToFront.app */ = {isa = PBXFileReference; explicitFileType = wrapper.application; includeInIndex = 0; path = bringSubviewToFront.app; sourceTree = BUILT_PRODUCTS_DIR; };
		F19355D01A27247100BCE24D /* Info.plist */ = {isa = PBXFileReference; lastKnownFileType = text.plist.xml; path = Info.plist; sourceTree = "<group>"; };
		F19355D11A27247100BCE24D /* main.m */ = {isa = PBXFileReference; lastKnownFileType = sourcecode.c.objc; path = main.m; sourceTree = "<group>"; };
		F19355D31A27247100BCE24D /* AppDelegate.h */ = {isa = PBXFileReference; lastKnownFileType = sourcecode.c.h; path = AppDelegate.h; sourceTree = "<group>"; };
		F19355D41A27247100BCE24D /* AppDelegate.m */ = {isa = PBXFileReference; lastKnownFileType = sourcecode.c.objc; path = AppDelegate.m; sourceTree = "<group>"; };
		F19355D61A27247100BCE24D /* ViewController.h */ = {isa = PBXFileReference; lastKnownFileType = sourcecode.c.h; path = ViewController.h; sourceTree = "<group>"; };
		F19355D71A27247100BCE24D /* ViewController.m */ = {isa = PBXFileReference; lastKnownFileType = sourcecode.c.objc; path = ViewController.m; sourceTree = "<group>"; };
		F19355DA1A27247100BCE24D /* Base */ = {isa = PBXFileReference; lastKnownFileType = file.storyboard; name = Base; path = Base.lproj/Main.storyboard; sourceTree = "<group>"; };
		F19355DC1A27247100BCE24D /* Images.xcassets */ = {isa = PBXFileReference; lastKnownFileType = folder.assetcatalog; path = Images.xcassets; sourceTree = "<group>"; };
		F19355DF1A27247100BCE24D /* Base */ = {isa = PBXFileReference; lastKnownFileType = file.xib; name = Base; path = Base.lproj/LaunchScreen.xib; sourceTree = "<group>"; };
		F19355E51A27247100BCE24D /* bringSubviewToFrontTests.xctest */ = {isa = PBXFileReference; explicitFileType = wrapper.cfbundle; includeInIndex = 0; path = bringSubviewToFrontTests.xctest; sourceTree = BUILT_PRODUCTS_DIR; };
		F19355EA1A27247100BCE24D /* Info.plist */ = {isa = PBXFileReference; lastKnownFileType = text.plist.xml; path = Info.plist; sourceTree = "<group>"; };
		F19355EB1A27247100BCE24D /* bringSubviewToFrontTests.m */ = {isa = PBXFileReference; lastKnownFileType = sourcecode.c.objc; path = bringSubviewToFrontTests.m; sourceTree = "<group>"; };
		F19355F51A2724AD00BCE24D /* shami2.jpg */ = {isa = PBXFileReference; lastKnownFileType = image.jpeg; path = shami2.jpg; sourceTree = "<group>"; };
		F19355F61A2724AD00BCE24D /* shami3.jpg */ = {isa = PBXFileReference; lastKnownFileType = image.jpeg; path = shami3.jpg; sourceTree = "<group>"; };
		F19355F71A2724AD00BCE24D /* shami4.jpg */ = {isa = PBXFileReference; lastKnownFileType = image.jpeg; path = shami4.jpg; sourceTree = "<group>"; };
/* End PBXFileReference section */

/* Begin PBXFrameworksBuildPhase section */
		F19355C91A27247100BCE24D /* Frameworks */ = {
			isa = PBXFrameworksBuildPhase;
			buildActionMask = 2147483647;
			files = (
			);
			runOnlyForDeploymentPostprocessing = 0;
		};
		F19355E21A27247100BCE24D /* Frameworks */ = {
			isa = PBXFrameworksBuildPhase;
			buildActionMask = 2147483647;
			files = (
			);
			runOnlyForDeploymentPostprocessing = 0;
		};
/* End PBXFrameworksBuildPhase section */

/* Begin PBXGroup section */
		F19355C31A27247100BCE24D = {
			isa = PBXGroup;
			children = (
				F19355CE1A27247100BCE24D /* bringSubviewToFront */,
				F19355E81A27247100BCE24D /* bringSubviewToFrontTests */,
				F19355CD1A27247100BCE24D /* Products */,
			);
			sourceTree = "<group>";
		};
		F19355CD1A27247100BCE24D /* Products */ = {
			isa = PBXGroup;
			children = (
				F19355CC1A27247100BCE24D /* bringSubviewToFront.app */,
				F19355E51A27247100BCE24D /* bringSubviewToFrontTests.xctest */,
			);
			name = Products;
			sourceTree = "<group>";
		};
		F19355CE1A27247100BCE24D /* bringSubviewToFront */ = {
			isa = PBXGroup;
			children = (
				F19355D31A27247100BCE24D /* AppDelegate.h */,
				F19355D41A27247100BCE24D /* AppDelegate.m */,
				F19355D61A27247100BCE24D /* ViewController.h */,
				F19355D71A27247100BCE24D /* ViewController.m */,
				F19355D91A27247100BCE24D /* Main.storyboard */,
				F19355F51A2724AD00BCE24D /* shami2.jpg */,
				F19355F61A2724AD00BCE24D /* shami3.jpg */,
				F19355F71A2724AD00BCE24D /* shami4.jpg */,
				F19355DC1A27247100BCE24D /* Images.xcassets */,
				F19355DE1A27247100BCE24D /* LaunchScreen.xib */,
				F19355CF1A27247100BCE24D /* Supporting Files */,
			);
			path = bringSubviewToFront;
			sourceTree = "<group>";
		};
		F19355CF1A27247100BCE24D /* Supporting Files */ = {
			isa = PBXGroup;
			children = (
				F19355D01A27247100BCE24D /* Info.plist */,
				F19355D11A27247100BCE24D /* main.m */,
			);
			name = "Supporting Files";
			sourceTree = "<group>";
		};
		F19355E81A27247100BCE24D /* bringSubviewToFrontTests */ = {
			isa = PBXGroup;
			children = (
				F19355EB1A27247100BCE24D /* bringSubviewToFrontTests.m */,
				F19355E91A27247100BCE24D /* Supporting Files */,
			);
			path = bringSubviewToFrontTests;
			sourceTree = "<group>";
		};
		F19355E91A27247100BCE24D /* Supporting Files */ = {
			isa = PBXGroup;
			children = (
				F19355EA1A27247100BCE24D /* Info.plist */,
			);
			name = "Supporting Files";
			sourceTree = "<group>";
		};
/* End PBXGroup section */

/* Begin PBXNativeTarget section */
		F19355CB1A27247100BCE24D /* bringSubviewToFront */ = {
			isa = PBXNativeTarget;
			buildConfigurationList = F19355EF1A27247100BCE24D /* Build configuration list for PBXNativeTarget "bringSubviewToFront" */;
			buildPhases = (
				F19355C81A27247100BCE24D /* Sources */,
				F19355C91A27247100BCE24D /* Frameworks */,
				F19355CA1A27247100BCE24D /* Resources */,
			);
			buildRules = (
			);
			dependencies = (
			);
			name = bringSubviewToFront;
			productName = bringSubviewToFront;
			productReference = F19355CC1A27247100BCE24D /* bringSubviewToFront.app */;
			productType = "com.apple.product-type.application";
		};
		F19355E41A27247100BCE24D /* bringSubviewToFrontTests */ = {
			isa = PBXNativeTarget;
			buildConfigurationList = F19355F21A27247100BCE24D /* Build configuration list for PBXNativeTarget "bringSubviewToFrontTests" */;
			buildPhases = (
				F19355E11A27247100BCE24D /* Sources */,
				F19355E21A27247100BCE24D /* Frameworks */,
				F19355E31A27247100BCE24D /* Resources */,
			);
			buildRules = (
			);
			dependencies = (
				F19355E71A27247100BCE24D /* PBXTargetDependency */,
			);
			name = bringSubviewToFrontTests;
			productName = bringSubviewToFrontTests;
			productReference = F19355E51A27247100BCE24D /* bringSubviewToFrontTests.xctest */;
			productType = "com.apple.product-type.bundle.unit-test";
		};
/* End PBXNativeTarget section */

/* Begin PBXProject section */
		F19355C41A27247100BCE24D /* Project object */ = {
			isa = PBXProject;
			attributes = {
				LastUpgradeCheck = 0610;
				ORGANIZATIONNAME = "okada-mac";
				TargetAttributes = {
					F19355CB1A27247100BCE24D = {
						CreatedOnToolsVersion = 6.1;
					};
					F19355E41A27247100BCE24D = {
						CreatedOnToolsVersion = 6.1;
						TestTargetID = F19355CB1A27247100BCE24D;
					};
				};
			};
			buildConfigurationList = F19355C71A27247100BCE24D /* Build configuration list for PBXProject "bringSubviewToFront" */;
			compatibilityVersion = "Xcode 3.2";
			developmentRegion = English;
			hasScannedForEncodings = 0;
			knownRegions = (
				en,
				Base,
			);
			mainGroup = F19355C31A27247100BCE24D;
			productRefGroup = F19355CD1A27247100BCE24D /* Products */;
			projectDirPath = "";
			projectRoot = "";
			targets = (
				F19355CB1A27247100BCE24D /* bringSubviewToFront */,
				F19355E41A27247100BCE24D /* bringSubviewToFrontTests */,
			);
		};
/* End PBXProject section */

/* Begin PBXResourcesBuildPhase section */
		F19355CA1A27247100BCE24D /* Resources */ = {
			isa = PBXResourcesBuildPhase;
			buildActionMask = 2147483647;
			files = (
				F19355F91A2724AD00BCE24D /* shami3.jpg in Resources */,
				F19355DB1A27247100BCE24D /* Main.storyboard in Resources */,
				F19355F81A2724AD00BCE24D /* shami2.jpg in Resources */,
				F19355E01A27247100BCE24D /* LaunchScreen.xib in Resources */,
				F19355DD1A27247100BCE24D /* Images.xcassets in Resources */,
				F19355FA1A2724AD00BCE24D /* shami4.jpg in Resources */,
			);
			runOnlyForDeploymentPostprocessing = 0;
		};
		F19355E31A27247100BCE24D /* Resources */ = {
			isa = PBXResourcesBuildPhase;
			buildActionMask = 2147483647;
			files = (
			);
			runOnlyForDeploymentPostprocessing = 0;
		};
/* End PBXResourcesBuildPhase section */

/* Begin PBXSourcesBuildPhase section */
		F19355C81A27247100BCE24D /* Sources */ = {
			isa = PBXSourcesBuildPhase;
			buildActionMask = 2147483647;
			files = (
				F19355D81A27247100BCE24D /* ViewController.m in Sources */,
				F19355D51A27247100BCE24D /* AppDelegate.m in Sources */,
				F19355D21A27247100BCE24D /* main.m in Sources */,
			);
			runOnlyForDeploymentPostprocessing = 0;
		};
		F19355E11A27247100BCE24D /* Sources */ = {
			isa = PBXSourcesBuildPhase;
			buildActionMask = 2147483647;
			files = (
				F19355EC1A27247100BCE24D /* bringSubviewToFrontTests.m in Sources */,
			);
			runOnlyForDeploymentPostprocessing = 0;
		};
/* End PBXSourcesBuildPhase section */

/* Begin PBXTargetDependency section */
		F19355E71A27247100BCE24D /* PBXTargetDependency */ = {
			isa = PBXTargetDependency;
			target = F19355CB1A27247100BCE24D /* bringSubviewToFront */;
			targetProxy = F19355E61A27247100BCE24D /* PBXContainerItemProxy */;
		};
/* End PBXTargetDependency section */

/* Begin PBXVariantGroup section */
		F19355D91A27247100BCE24D /* Main.storyboard */ = {
			isa = PBXVariantGroup;
			children = (
				F19355DA1A27247100BCE24D /* Base */,
			);
			name = Main.storyboard;
			sourceTree = "<group>";
		};
		F19355DE1A27247100BCE24D /* LaunchScreen.xib */ = {
			isa = PBXVariantGroup;
			children = (
				F19355DF1A27247100BCE24D /* Base */,
			);
			name = LaunchScreen.xib;
			sourceTree = "<group>";
		};
/* End PBXVariantGroup section */

/* Begin XCBuildConfiguration section */
		F19355ED1A27247100BCE24D /* Debug */ = {
			isa = XCBuildConfiguration;
			buildSettings = {
				ALWAYS_SEARCH_USER_PATHS = NO;
				CLANG_CXX_LANGUAGE_STANDARD = "gnu++0x";
				CLANG_CXX_LIBRARY = "libc++";
				CLANG_ENABLE_MODULES = YES;
				CLANG_ENABLE_OBJC_ARC = YES;
				CLANG_WARN_BOOL_CONVERSION = YES;
				CLANG_WARN_CONSTANT_CONVERSION = YES;
				CLANG_WARN_DIRECT_OBJC_ISA_USAGE = YES_ERROR;
				CLANG_WARN_EMPTY_BODY = YES;
				CLANG_WARN_ENUM_CONVERSION = YES;
				CLANG_WARN_INT_CONVERSION = YES;
				CLANG_WARN_OBJC_ROOT_CLASS = YES_ERROR;
				CLANG_WARN_UNREACHABLE_CODE = YES;
				CLANG_WARN__DUPLICATE_METHOD_MATCH = YES;
				"CODE_SIGN_IDENTITY[sdk=iphoneos*]" = "iPhone Developer";
				COPY_PHASE_STRIP = NO;
				ENABLE_STRICT_OBJC_MSGSEND = YES;
				GCC_C_LANGUAGE_STANDARD = gnu99;
				GCC_DYNAMIC_NO_PIC = NO;
				GCC_OPTIMIZATION_LEVEL = 0;
				GCC_PREPROCESSOR_DEFINITIONS = (
					"DEBUG=1",
					"$(inherited)",
				);
				GCC_SYMBOLS_PRIVATE_EXTERN = NO;
				GCC_WARN_64_TO_32_BIT_CONVERSION = YES;
				GCC_WARN_ABOUT_RETURN_TYPE = YES_ERROR;
				GCC_WARN_UNDECLARED_SELECTOR = YES;
				GCC_WARN_UNINITIALIZED_AUTOS = YES_AGGRESSIVE;
				GCC_WARN_UNUSED_FUNCTION = YES;
				GCC_WARN_UNUSED_VARIABLE = YES;
				IPHONEOS_DEPLOYMENT_TARGET = 8.1;
				MTL_ENABLE_DEBUG_INFO = YES;
				ONLY_ACTIVE_ARCH = YES;
				SDKROOT = iphoneos;
			};
			name = Debug;
		};
		F19355EE1A27247100BCE24D /* Release */ = {
			isa = XCBuildConfiguration;
			buildSettings = {
				ALWAYS_SEARCH_USER_PATHS = NO;
				CLANG_CXX_LANGUAGE_STANDARD = "gnu++0x";
				CLANG_CXX_LIBRARY = "libc++";
				CLANG_ENABLE_MODULES = YES;
				CLANG_ENABLE_OBJC_ARC = YES;
				CLANG_WARN_BOOL_CONVERSION = YES;
				CLANG_WARN_CONSTANT_CONVERSION = YES;
				CLANG_WARN_DIRECT_OBJC_ISA_USAGE = YES_ERROR;
				CLANG_WARN_EMPTY_BODY = YES;
				CLANG_WARN_ENUM_CONVERSION = YES;
				CLANG_WARN_INT_CONVERSION = YES;
				CLANG_WARN_OBJC_ROOT_CLASS = YES_ERROR;
				CLANG_WARN_UNREACHABLE_CODE = YES;
				CLANG_WARN__DUPLICATE_METHOD_MATCH = YES;
				"CODE_SIGN_IDENTITY[sdk=iphoneos*]" = "iPhone Developer";
				COPY_PHASE_STRIP = YES;
				ENABLE_NS_ASSERTIONS = NO;
				ENABLE_STRICT_OBJC_MSGSEND = YES;
				GCC_C_LANGUAGE_STANDARD = gnu99;
				GCC_WARN_64_TO_32_BIT_CONVERSION = YES;
				GCC_WARN_ABOUT_RETURN_TYPE = YES_ERROR;
				GCC_WARN_UNDECLARED_SELECTOR = YES;
				GCC_WARN_UNINITIALIZED_AUTOS = YES_AGGRESSIVE;
				GCC_WARN_UNUSED_FUNCTION = YES;
				GCC_WARN_UNUSED_VARIABLE = YES;
				IPHONEOS_DEPLOYMENT_TARGET = 8.1;
				MTL_ENABLE_DEBUG_INFO = NO;
				SDKROOT = iphoneos;
				VALIDATE_PRODUCT = YES;
			};
			name = Release;
		};
		F19355F01A27247100BCE24D /* Debug */ = {
			isa = XCBuildConfiguration;
			buildSettings = {
				ASSETCATALOG_COMPILER_APPICON_NAME = AppIcon;
				INFOPLIST_FILE = bringSubviewToFront/Info.plist;
				LD_RUNPATH_SEARCH_PATHS = "$(inherited) @executable_path/Frameworks";
				PRODUCT_NAME = "$(TARGET_NAME)";
			};
			name = Debug;
		};
		F19355F11A27247100BCE24D /* Release */ = {
			isa = XCBuildConfiguration;
			buildSettings = {
				ASSETCATALOG_COMPILER_APPICON_NAME = AppIcon;
				INFOPLIST_FILE = bringSubviewToFront/Info.plist;
				LD_RUNPATH_SEARCH_PATHS = "$(inherited) @executable_path/Frameworks";
				PRODUCT_NAME = "$(TARGET_NAME)";
			};
			name = Release;
		};
		F19355F31A27247100BCE24D /* Debug */ = {
			isa = XCBuildConfiguration;
			buildSettings = {
				BUNDLE_LOADER = "$(TEST_HOST)";
				FRAMEWORK_SEARCH_PATHS = (
					"$(SDKROOT)/Developer/Library/Frameworks",
					"$(inherited)",
				);
				GCC_PREPROCESSOR_DEFINITIONS = (
					"DEBUG=1",
					"$(inherited)",
				);
				INFOPLIST_FILE = bringSubviewToFrontTests/Info.plist;
				LD_RUNPATH_SEARCH_PATHS = "$(inherited) @executable_path/Frameworks @loader_path/Frameworks";
				PRODUCT_NAME = "$(TARGET_NAME)";
				TEST_HOST = "$(BUILT_PRODUCTS_DIR)/bringSubviewToFront.app/bringSubviewToFront";
			};
			name = Debug;
		};
		F19355F41A27247100BCE24D /* Release */ = {
			isa = XCBuildConfiguration;
			buildSettings = {
				BUNDLE_LOADER = "$(TEST_HOST)";
				FRAMEWORK_SEARCH_PATHS = (
					"$(SDKROOT)/Developer/Library/Frameworks",
					"$(inherited)",
				);
				INFOPLIST_FILE = bringSubviewToFrontTests/Info.plist;
				LD_RUNPATH_SEARCH_PATHS = "$(inherited) @executable_path/Frameworks @loader_path/Frameworks";
				PRODUCT_NAME = "$(TARGET_NAME)";
				TEST_HOST = "$(BUILT_PRODUCTS_DIR)/bringSubviewToFront.app/bringSubviewToFront";
			};
			name = Release;
		};
/* End XCBuildConfiguration section */

/* Begin XCConfigurationList section */
		F19355C71A27247100BCE24D /* Build configuration list for PBXProject "bringSubviewToFront" */ = {
			isa = XCConfigurationList;
			buildConfigurations = (
				F19355ED1A27247100BCE24D /* Debug */,
				F19355EE1A27247100BCE24D /* Release */,
			);
			defaultConfigurationIsVisible = 0;
			defaultConfigurationName = Release;
		};
		F19355EF1A27247100BCE24D /* Build configuration list for PBXNativeTarget "bringSubviewToFront" */ = {
			isa = XCConfigurationList;
			buildConfigurations = (
				F19355F01A27247100BCE24D /* Debug */,
				F19355F11A27247100BCE24D /* Release */,
			);
			defaultConfigurationIsVisible = 0;
		};
		F19355F21A27247100BCE24D /* Build configuration list for PBXNativeTarget "bringSubviewToFrontTests" */ = {
			isa = XCConfigurationList;
			buildConfigurations = (
				F19355F31A27247100BCE24D /* Debug */,
				F19355F41A27247100BCE24D /* Release */,
			);
			defaultConfigurationIsVisible = 0;
		};
/* End XCConfigurationList section */
	};
	rootObject = F19355C41A27247100BCE24D /* Project object */;
}
